
Microsoft Visual Studio Solution File, Format Version 12.00
# Visual Studio Version 16
VisualStudioVersion = 16.0.30523.141
MinimumVisualStudioVersion = 10.0.40219.1
Project("{8BC9CEB8-8B4A-11D0-8D11-00A0C91BC942}") = "chapter9_1", "chapter9_1\chapter9_1.vcxproj", "{BD3F6732-B655-45E4-A2AB-F9D110E88D4F}"
EndProject
Project("{8BC9CEB8-8B4A-11D0-8D11-00A0C91BC942}") = "chapter9_2", "chapter9_2\chapter9_2.vcxproj", "{99DAD202-B01F-49DC-AA14-3EE5E9EF9D63}"
EndProject
Project("{8BC9CEB8-8B4A-11D0-8D11-00A0C91BC942}") = "chapter9_3", "chapter9_3\chapter9_3.vcxproj", "{E82B7DE9-6CB8-4BA2-91CC-7AE49E4E9204}"
EndProject
Project("{8BC9CEB8-8B4A-11D0-8D11-00A0C91BC942}") = "chapter9_4", "chapter9_4\chapter9_4.vcxproj", "{FFD38A2E-B10B-4CA2-9E3E-168A42AFFAB3}"
EndProject
Project("{8BC9CEB8-8B4A-11D0-8D11-00A0C91BC942}") = "chapter9_5", "chapter9_5\chapter9_5.vcxproj", "{B05FA7D6-4D4B-4952-BAEE-232FEDFE6579}"
EndProject
Project("{8BC9CEB8-8B4A-11D0-8D11-00A0C91BC942}") = "chapter9_6", "chapter9_6\chapter9_6.vcxproj", "{DEC2D6AC-5E5C-48CB-8E4C-632F1DD60B5E}"
EndProject
Project("{8BC9CEB8-8B4A-11D0-8D11-00A0C91BC942}") = "chapter9_7", "chapter9_7\chapter9_7.vcxproj", "{A4EA4A5C-AA4A-41E5-814E-78BB2EC446DB}"
EndProject
Project("{8BC9CEB8-8B4A-11D0-8D11-00A0C91BC942}") = "chapter9_8", "chpater9_8\chpater9_8.vcxproj", "{E65AED33-8EFA-4A08-ACC8-3621CAA30241}"
EndProject
Project("{8BC9CEB8-8B4A-11D0-8D11-00A0C91BC942}") = "chapter9_9", "chapter9_9\chapter9_9.vcxproj", "{7638CA7E-1297-4574-B4EB-519B222525EF}"
EndProject
Project("{8BC9CEB8-8B4A-11D0-8D11-00A0C91BC942}") = "chapter9_10", "chapter9_10\chapter9_10.vcxproj", "{BB823751-2CC7-4A1C-B821-A105F289B256}"
EndProject
Project("{8BC9CEB8-8B4A-11D0-8D11-00A0C91BC942}") = "chapter9_11", "chapter9_11\chapter9_11.vcxproj", "{0DA253F5-738A-4CAF-B675-709F64871340}"
EndProject
Project("{8BC9CEB8-8B4A-11D0-8D11-00A0C91BC942}") = "example9_11", "example9_11\example9_11.vcxproj", "{77DB6538-34F2-402C-80C4-63BF7E3718FC}"
EndProject
Project("{8BC9CEB8-8B4A-11D0-8D11-00A0C91BC942}") = "chapter9_12", "chapter9_12\chapter9_12.vcxproj", "{E8EC4D10-FD4B-4063-BD66-1FC48E435E70}"
EndProject
Global
	GlobalSection(SolutionConfigurationPlatforms) = preSolution
		Debug|x64 = Debug|x64
		Debug|x86 = Debug|x86
		Release|x64 = Release|x64
		Release|x86 = Release|x86
	EndGlobalSection
	GlobalSection(ProjectConfigurationPlatforms) = postSolution
		{BD3F6732-B655-45E4-A2AB-F9D110E88D4F}.Debug|x64.ActiveCfg = Debug|x64
		{BD3F6732-B655-45E4-A2AB-F9D110E88D4F}.Debug|x64.Build.0 = Debug|x64
		{BD3F6732-B655-45E4-A2AB-F9D110E88D4F}.Debug|x86.ActiveCfg = Debug|Win32
		{BD3F6732-B655-45E4-A2AB-F9D110E88D4F}.Debug|x86.Build.0 = Debug|Win32
		{BD3F6732-B655-45E4-A2AB-F9D110E88D4F}.Release|x64.ActiveCfg = Release|x64
		{BD3F6732-B655-45E4-A2AB-F9D110E88D4F}.Release|x64.Build.0 = Release|x64
		{BD3F6732-B655-45E4-A2AB-F9D110E88D4F}.Release|x86.ActiveCfg = Release|Win32
		{BD3F6732-B655-45E4-A2AB-F9D110E88D4F}.Release|x86.Build.0 = Release|Win32
		{99DAD202-B01F-49DC-AA14-3EE5E9EF9D63}.Debug|x64.ActiveCfg = Debug|x64
		{99DAD202-B01F-49DC-AA14-3EE5E9EF9D63}.Debug|x64.Build.0 = Debug|x64
		{99DAD202-B01F-49DC-AA14-3EE5E9EF9D63}.Debug|x86.ActiveCfg = Debug|Win32
		{99DAD202-B01F-49DC-AA14-3EE5E9EF9D63}.Debug|x86.Build.0 = Debug|Win32
		{99DAD202-B01F-49DC-AA14-3EE5E9EF9D63}.Release|x64.ActiveCfg = Release|x64
		{99DAD202-B01F-49DC-AA14-3EE5E9EF9D63}.Release|x64.Build.0 = Release|x64
		{99DAD202-B01F-49DC-AA14-3EE5E9EF9D63}.Release|x86.ActiveCfg = Release|Win32
		{99DAD202-B01F-49DC-AA14-3EE5E9EF9D63}.Release|x86.Build.0 = Release|Win32
		{E82B7DE9-6CB8-4BA2-91CC-7AE49E4E9204}.Debug|x64.ActiveCfg = Debug|x64
		{E82B7DE9-6CB8-4BA2-91CC-7AE49E4E9204}.Debug|x64.Build.0 = Debug|x64
		{E82B7DE9-6CB8-4BA2-91CC-7AE49E4E9204}.Debug|x86.ActiveCfg = Debug|Win32
		{E82B7DE9-6CB8-4BA2-91CC-7AE49E4E9204}.Debug|x86.Build.0 = Debug|Win32
		{E82B7DE9-6CB8-4BA2-91CC-7AE49E4E9204}.Release|x64.ActiveCfg = Release|x64
		{E82B7DE9-6CB8-4BA2-91CC-7AE49E4E9204}.Release|x64.Build.0 = Release|x64
		{E82B7DE9-6CB8-4BA2-91CC-7AE49E4E9204}.Release|x86.ActiveCfg = Release|Win32
		{E82B7DE9-6CB8-4BA2-91CC-7AE49E4E9204}.Release|x86.Build.0 = Release|Win32
		{FFD38A2E-B10B-4CA2-9E3E-168A42AFFAB3}.Debug|x64.ActiveCfg = Debug|x64
		{FFD38A2E-B10B-4CA2-9E3E-168A42AFFAB3}.Debug|x64.Build.0 = Debug|x64
		{FFD38A2E-B10B-4CA2-9E3E-168A42AFFAB3}.Debug|x86.ActiveCfg = Debug|Win32
		{FFD38A2E-B10B-4CA2-9E3E-168A42AFFAB3}.Debug|x86.Build.0 = Debug|Win32
		{FFD38A2E-B10B-4CA2-9E3E-168A42AFFAB3}.Release|x64.ActiveCfg = Release|x64
		{FFD38A2E-B10B-4CA2-9E3E-168A42AFFAB3}.Release|x64.Build.0 = Release|x64
		{FFD38A2E-B10B-4CA2-9E3E-168A42AFFAB3}.Release|x86.ActiveCfg = Release|Win32
		{FFD38A2E-B10B-4CA2-9E3E-168A42AFFAB3}.Release|x86.Build.0 = Release|Win32
		{B05FA7D6-4D4B-4952-BAEE-232FEDFE6579}.Debug|x64.ActiveCfg = Debug|x64
		{B05FA7D6-4D4B-4952-BAEE-232FEDFE6579}.Debug|x64.Build.0 = Debug|x64
		{B05FA7D6-4D4B-4952-BAEE-232FEDFE6579}.Debug|x86.ActiveCfg = Debug|Win32
		{B05FA7D6-4D4B-4952-BAEE-232FEDFE6579}.Debug|x86.Build.0 = Debug|Win32
		{B05FA7D6-4D4B-4952-BAEE-232FEDFE6579}.Release|x64.ActiveCfg = Release|x64
		{B05FA7D6-4D4B-4952-BAEE-232FEDFE6579}.Release|x64.Build.0 = Release|x64
		{B05FA7D6-4D4B-4952-BAEE-232FEDFE6579}.Release|x86.ActiveCfg = Release|Win32
		{B05FA7D6-4D4B-4952-BAEE-232FEDFE6579}.Release|x86.Build.0 = Release|Win32
		{DEC2D6AC-5E5C-48CB-8E4C-632F1DD60B5E}.Debug|x64.ActiveCfg = Debug|x64
		{DEC2D6AC-5E5C-48CB-8E4C-632F1DD60B5E}.Debug|x64.Build.0 = Debug|x64
		{DEC2D6AC-5E5C-48CB-8E4C-632F1DD60B5E}.Debug|x86.ActiveCfg = Debug|Win32
		{DEC2D6AC-5E5C-48CB-8E4C-632F1DD60B5E}.Debug|x86.Build.0 = Debug|Win32
		{DEC2D6AC-5E5C-48CB-8E4C-632F1DD60B5E}.Release|x64.ActiveCfg = Release|x64
		{DEC2D6AC-5E5C-48CB-8E4C-632F1DD60B5E}.Release|x64.Build.0 = Release|x64
		{DEC2D6AC-5E5C-48CB-8E4C-632F1DD60B5E}.Release|x86.ActiveCfg = Release|Win32
		{DEC2D6AC-5E5C-48CB-8E4C-632F1DD60B5E}.Release|x86.Build.0 = Release|Win32
		{A4EA4A5C-AA4A-41E5-814E-78BB2EC446DB}.Debug|x64.ActiveCfg = Debug|x64
		{A4EA4A5C-AA4A-41E5-814E-78BB2EC446DB}.Debug|x64.Build.0 = Debug|x64
		{A4EA4A5C-AA4A-41E5-814E-78BB2EC446DB}.Debug|x86.ActiveCfg = Debug|Win32
		{A4EA4A5C-AA4A-41E5-814E-78BB2EC446DB}.Debug|x86.Build.0 = Debug|Win32
		{A4EA4A5C-AA4A-41E5-814E-78BB2EC446DB}.Release|x64.ActiveCfg = Release|x64
		{A4EA4A5C-AA4A-41E5-814E-78BB2EC446DB}.Release|x64.Build.0 = Release|x64
		{A4EA4A5C-AA4A-41E5-814E-78BB2EC446DB}.Release|x86.ActiveCfg = Release|Win32
		{A4EA4A5C-AA4A-41E5-814E-78BB2EC446DB}.Release|x86.Build.0 = Release|Win32
		{E65AED33-8EFA-4A08-ACC8-3621CAA30241}.Debug|x64.ActiveCfg = Debug|x64
		{E65AED33-8EFA-4A08-ACC8-3621CAA30241}.Debug|x64.Build.0 = Debug|x64
		{E65AED33-8EFA-4A08-ACC8-3621CAA30241}.Debug|x86.ActiveCfg = Debug|Win32
		{E65AED33-8EFA-4A08-ACC8-3621CAA30241}.Debug|x86.Build.0 = Debug|Win32
		{E65AED33-8EFA-4A08-ACC8-3621CAA30241}.Release|x64.ActiveCfg = Release|x64
		{E65AED33-8EFA-4A08-ACC8-3621CAA30241}.Release|x64.Build.0 = Release|x64
		{E65AED33-8EFA-4A08-ACC8-3621CAA30241}.Release|x86.ActiveCfg = Release|Win32
		{E65AED33-8EFA-4A08-ACC8-3621CAA30241}.Release|x86.Build.0 = Release|Win32
		{7638CA7E-1297-4574-B4EB-519B222525EF}.Debug|x64.ActiveCfg = Debug|x64
		{7638CA7E-1297-4574-B4EB-519B222525EF}.Debug|x64.Build.0 = Debug|x64
		{7638CA7E-1297-4574-B4EB-519B222525EF}.Debug|x86.ActiveCfg = Debug|Win32
		{7638CA7E-1297-4574-B4EB-519B222525EF}.Debug|x86.Build.0 = Debug|Win32
		{7638CA7E-1297-4574-B4EB-519B222525EF}.Release|x64.ActiveCfg = Release|x64
		{7638CA7E-1297-4574-B4EB-519B222525EF}.Release|x64.Build.0 = Release|x64
		{7638CA7E-1297-4574-B4EB-519B222525EF}.Release|x86.ActiveCfg = Release|Win32
		{7638CA7E-1297-4574-B4EB-519B222525EF}.Release|x86.Build.0 = Release|Win32
		{BB823751-2CC7-4A1C-B821-A105F289B256}.Debug|x64.ActiveCfg = Debug|x64
		{BB823751-2CC7-4A1C-B821-A105F289B256}.Debug|x64.Build.0 = Debug|x64
		{BB823751-2CC7-4A1C-B821-A105F289B256}.Debug|x86.ActiveCfg = Debug|Win32
		{BB823751-2CC7-4A1C-B821-A105F289B256}.Debug|x86.Build.0 = Debug|Win32
		{BB823751-2CC7-4A1C-B821-A105F289B256}.Release|x64.ActiveCfg = Release|x64
		{BB823751-2CC7-4A1C-B821-A105F289B256}.Release|x64.Build.0 = Release|x64
		{BB823751-2CC7-4A1C-B821-A105F289B256}.Release|x86.ActiveCfg = Release|Win32
		{BB823751-2CC7-4A1C-B821-A105F289B256}.Release|x86.Build.0 = Release|Win32
		{0DA253F5-738A-4CAF-B675-709F64871340}.Debug|x64.ActiveCfg = Debug|x64
		{0DA253F5-738A-4CAF-B675-709F64871340}.Debug|x64.Build.0 = Debug|x64
		{0DA253F5-738A-4CAF-B675-709F64871340}.Debug|x86.ActiveCfg = Debug|Win32
		{0DA253F5-738A-4CAF-B675-709F64871340}.Debug|x86.Build.0 = Debug|Win32
		{0DA253F5-738A-4CAF-B675-709F64871340}.Release|x64.ActiveCfg = Release|x64
		{0DA253F5-738A-4CAF-B675-709F64871340}.Release|x64.Build.0 = Release|x64
		{0DA253F5-738A-4CAF-B675-709F64871340}.Release|x86.ActiveCfg = Release|Win32
		{0DA253F5-738A-4CAF-B675-709F64871340}.Release|x86.Build.0 = Release|Win32
		{77DB6538-34F2-402C-80C4-63BF7E3718FC}.Debug|x64.ActiveCfg = Debug|x64
		{77DB6538-34F2-402C-80C4-63BF7E3718FC}.Debug|x64.Build.0 = Debug|x64
		{77DB6538-34F2-402C-80C4-63BF7E3718FC}.Debug|x86.ActiveCfg = Debug|Win32
		{77DB6538-34F2-402C-80C4-63BF7E3718FC}.Debug|x86.Build.0 = Debug|Win32
		{77DB6538-34F2-402C-80C4-63BF7E3718FC}.Release|x64.ActiveCfg = Release|x64
		{77DB6538-34F2-402C-80C4-63BF7E3718FC}.Release|x64.Build.0 = Release|x64
		{77DB6538-34F2-402C-80C4-63BF7E3718FC}.Release|x86.ActiveCfg = Release|Win32
		{77DB6538-34F2-402C-80C4-63BF7E3718FC}.Release|x86.Build.0 = Release|Win32
		{E8EC4D10-FD4B-4063-BD66-1FC48E435E70}.Debug|x64.ActiveCfg = Debug|x64
		{E8EC4D10-FD4B-4063-BD66-1FC48E435E70}.Debug|x64.Build.0 = Debug|x64
		{E8EC4D10-FD4B-4063-BD66-1FC48E435E70}.Debug|x86.ActiveCfg = Debug|Win32
		{E8EC4D10-FD4B-4063-BD66-1FC48E435E70}.Debug|x86.Build.0 = Debug|Win32
		{E8EC4D10-FD4B-4063-BD66-1FC48E435E70}.Release|x64.ActiveCfg = Release|x64
		{E8EC4D10-FD4B-4063-BD66-1FC48E435E70}.Release|x64.Build.0 = Release|x64
		{E8EC4D10-FD4B-4063-BD66-1FC48E435E70}.Release|x86.ActiveCfg = Release|Win32
		{E8EC4D10-FD4B-4063-BD66-1FC48E435E70}.Release|x86.Build.0 = Release|Win32
	EndGlobalSection
	GlobalSection(SolutionProperties) = preSolution
		HideSolutionNode = FALSE
	EndGlobalSection
	GlobalSection(ExtensibilityGlobals) = postSolution
		SolutionGuid = {01F2AF0C-46C6-49FB-9ECD-80D95E679F7F}
	EndGlobalSection
EndGlobal
