
Microsoft Visual Studio Solution File, Format Version 12.00
# Visual Studio Version 16
VisualStudioVersion = 16.0.30523.141
MinimumVisualStudioVersion = 10.0.40219.1
Project("{8BC9CEB8-8B4A-11D0-8D11-00A0C91BC942}") = "chapter15_1", "chapter15_1\chapter15_1.vcxproj", "{9AC3D57E-042A-495E-B9C5-3FBB3B7000F6}"
EndProject
Project("{8BC9CEB8-8B4A-11D0-8D11-00A0C91BC942}") = "chapter15_2", "chapter15_2\chapter15_2.vcxproj", "{8DFB98EA-61F9-428D-BA76-EFF2A4353A27}"
EndProject
Project("{8BC9CEB8-8B4A-11D0-8D11-00A0C91BC942}") = "chapter15_3", "chapter15_3\chapter15_3.vcxproj", "{36E0B7B7-EC8F-4181-AEF9-40473CDC3B85}"
EndProject
Project("{8BC9CEB8-8B4A-11D0-8D11-00A0C91BC942}") = "chapter15_4", "chpater15_4\chpater15_4.vcxproj", "{3C0008F2-1619-4B33-AD8F-3FBD2304124A}"
EndProject
Project("{8BC9CEB8-8B4A-11D0-8D11-00A0C91BC942}") = "chapter15_5", "chapter15_5\chapter15_5.vcxproj", "{24DDE495-F881-4A57-9B70-1F1930EEEF5E}"
EndProject
Project("{8BC9CEB8-8B4A-11D0-8D11-00A0C91BC942}") = "chapter15_6", "chapter15_6\chapter15_6.vcxproj", "{0B40A5FD-4BA8-4C35-A7EA-2F8E80E58903}"
EndProject
Project("{8BC9CEB8-8B4A-11D0-8D11-00A0C91BC942}") = "chapter15_7", "chapter15_7\chapter15_7.vcxproj", "{ECAE5EB6-0869-4EF7-AA25-4F2FD938164F}"
EndProject
Global
	GlobalSection(SolutionConfigurationPlatforms) = preSolution
		Debug|x64 = Debug|x64
		Debug|x86 = Debug|x86
		Release|x64 = Release|x64
		Release|x86 = Release|x86
	EndGlobalSection
	GlobalSection(ProjectConfigurationPlatforms) = postSolution
		{9AC3D57E-042A-495E-B9C5-3FBB3B7000F6}.Debug|x64.ActiveCfg = Debug|x64
		{9AC3D57E-042A-495E-B9C5-3FBB3B7000F6}.Debug|x64.Build.0 = Debug|x64
		{9AC3D57E-042A-495E-B9C5-3FBB3B7000F6}.Debug|x86.ActiveCfg = Debug|Win32
		{9AC3D57E-042A-495E-B9C5-3FBB3B7000F6}.Debug|x86.Build.0 = Debug|Win32
		{9AC3D57E-042A-495E-B9C5-3FBB3B7000F6}.Release|x64.ActiveCfg = Release|x64
		{9AC3D57E-042A-495E-B9C5-3FBB3B7000F6}.Release|x64.Build.0 = Release|x64
		{9AC3D57E-042A-495E-B9C5-3FBB3B7000F6}.Release|x86.ActiveCfg = Release|Win32
		{9AC3D57E-042A-495E-B9C5-3FBB3B7000F6}.Release|x86.Build.0 = Release|Win32
		{8DFB98EA-61F9-428D-BA76-EFF2A4353A27}.Debug|x64.ActiveCfg = Debug|x64
		{8DFB98EA-61F9-428D-BA76-EFF2A4353A27}.Debug|x64.Build.0 = Debug|x64
		{8DFB98EA-61F9-428D-BA76-EFF2A4353A27}.Debug|x86.ActiveCfg = Debug|Win32
		{8DFB98EA-61F9-428D-BA76-EFF2A4353A27}.Debug|x86.Build.0 = Debug|Win32
		{8DFB98EA-61F9-428D-BA76-EFF2A4353A27}.Release|x64.ActiveCfg = Release|x64
		{8DFB98EA-61F9-428D-BA76-EFF2A4353A27}.Release|x64.Build.0 = Release|x64
		{8DFB98EA-61F9-428D-BA76-EFF2A4353A27}.Release|x86.ActiveCfg = Release|Win32
		{8DFB98EA-61F9-428D-BA76-EFF2A4353A27}.Release|x86.Build.0 = Release|Win32
		{36E0B7B7-EC8F-4181-AEF9-40473CDC3B85}.Debug|x64.ActiveCfg = Debug|x64
		{36E0B7B7-EC8F-4181-AEF9-40473CDC3B85}.Debug|x64.Build.0 = Debug|x64
		{36E0B7B7-EC8F-4181-AEF9-40473CDC3B85}.Debug|x86.ActiveCfg = Debug|Win32
		{36E0B7B7-EC8F-4181-AEF9-40473CDC3B85}.Debug|x86.Build.0 = Debug|Win32
		{36E0B7B7-EC8F-4181-AEF9-40473CDC3B85}.Release|x64.ActiveCfg = Release|x64
		{36E0B7B7-EC8F-4181-AEF9-40473CDC3B85}.Release|x64.Build.0 = Release|x64
		{36E0B7B7-EC8F-4181-AEF9-40473CDC3B85}.Release|x86.ActiveCfg = Release|Win32
		{36E0B7B7-EC8F-4181-AEF9-40473CDC3B85}.Release|x86.Build.0 = Release|Win32
		{3C0008F2-1619-4B33-AD8F-3FBD2304124A}.Debug|x64.ActiveCfg = Debug|x64
		{3C0008F2-1619-4B33-AD8F-3FBD2304124A}.Debug|x64.Build.0 = Debug|x64
		{3C0008F2-1619-4B33-AD8F-3FBD2304124A}.Debug|x86.ActiveCfg = Debug|Win32
		{3C0008F2-1619-4B33-AD8F-3FBD2304124A}.Debug|x86.Build.0 = Debug|Win32
		{3C0008F2-1619-4B33-AD8F-3FBD2304124A}.Release|x64.ActiveCfg = Release|x64
		{3C0008F2-1619-4B33-AD8F-3FBD2304124A}.Release|x64.Build.0 = Release|x64
		{3C0008F2-1619-4B33-AD8F-3FBD2304124A}.Release|x86.ActiveCfg = Release|Win32
		{3C0008F2-1619-4B33-AD8F-3FBD2304124A}.Release|x86.Build.0 = Release|Win32
		{24DDE495-F881-4A57-9B70-1F1930EEEF5E}.Debug|x64.ActiveCfg = Debug|x64
		{24DDE495-F881-4A57-9B70-1F1930EEEF5E}.Debug|x64.Build.0 = Debug|x64
		{24DDE495-F881-4A57-9B70-1F1930EEEF5E}.Debug|x86.ActiveCfg = Debug|Win32
		{24DDE495-F881-4A57-9B70-1F1930EEEF5E}.Debug|x86.Build.0 = Debug|Win32
		{24DDE495-F881-4A57-9B70-1F1930EEEF5E}.Release|x64.ActiveCfg = Release|x64
		{24DDE495-F881-4A57-9B70-1F1930EEEF5E}.Release|x64.Build.0 = Release|x64
		{24DDE495-F881-4A57-9B70-1F1930EEEF5E}.Release|x86.ActiveCfg = Release|Win32
		{24DDE495-F881-4A57-9B70-1F1930EEEF5E}.Release|x86.Build.0 = Release|Win32
		{0B40A5FD-4BA8-4C35-A7EA-2F8E80E58903}.Debug|x64.ActiveCfg = Debug|x64
		{0B40A5FD-4BA8-4C35-A7EA-2F8E80E58903}.Debug|x64.Build.0 = Debug|x64
		{0B40A5FD-4BA8-4C35-A7EA-2F8E80E58903}.Debug|x86.ActiveCfg = Debug|Win32
		{0B40A5FD-4BA8-4C35-A7EA-2F8E80E58903}.Debug|x86.Build.0 = Debug|Win32
		{0B40A5FD-4BA8-4C35-A7EA-2F8E80E58903}.Release|x64.ActiveCfg = Release|x64
		{0B40A5FD-4BA8-4C35-A7EA-2F8E80E58903}.Release|x64.Build.0 = Release|x64
		{0B40A5FD-4BA8-4C35-A7EA-2F8E80E58903}.Release|x86.ActiveCfg = Release|Win32
		{0B40A5FD-4BA8-4C35-A7EA-2F8E80E58903}.Release|x86.Build.0 = Release|Win32
		{ECAE5EB6-0869-4EF7-AA25-4F2FD938164F}.Debug|x64.ActiveCfg = Debug|x64
		{ECAE5EB6-0869-4EF7-AA25-4F2FD938164F}.Debug|x64.Build.0 = Debug|x64
		{ECAE5EB6-0869-4EF7-AA25-4F2FD938164F}.Debug|x86.ActiveCfg = Debug|Win32
		{ECAE5EB6-0869-4EF7-AA25-4F2FD938164F}.Debug|x86.Build.0 = Debug|Win32
		{ECAE5EB6-0869-4EF7-AA25-4F2FD938164F}.Release|x64.ActiveCfg = Release|x64
		{ECAE5EB6-0869-4EF7-AA25-4F2FD938164F}.Release|x64.Build.0 = Release|x64
		{ECAE5EB6-0869-4EF7-AA25-4F2FD938164F}.Release|x86.ActiveCfg = Release|Win32
		{ECAE5EB6-0869-4EF7-AA25-4F2FD938164F}.Release|x86.Build.0 = Release|Win32
	EndGlobalSection
	GlobalSection(SolutionProperties) = preSolution
		HideSolutionNode = FALSE
	EndGlobalSection
	GlobalSection(ExtensibilityGlobals) = postSolution
		SolutionGuid = {C0EC0997-689F-475A-BCFE-5A7E41FB8ED2}
	EndGlobalSection
EndGlobal
