
Microsoft Visual Studio Solution File, Format Version 12.00
# Visual Studio Version 16
VisualStudioVersion = 16.0.30503.244
MinimumVisualStudioVersion = 10.0.40219.1
Project("{8BC9CEB8-8B4A-11D0-8D11-00A0C91BC942}") = "Chapter1_1", "Chapter1_1\Chapter1_1.vcxproj", "{6527D363-E795-4D16-A7CC-84A95C938A98}"
EndProject
Project("{8BC9CEB8-8B4A-11D0-8D11-00A0C91BC942}") = "chapter1_3", "chapter1_3\chapter1_3.vcxproj", "{BFD9C342-844C-46A0-8893-86CB11D238F1}"
EndProject
Project("{8BC9CEB8-8B4A-11D0-8D11-00A0C91BC942}") = "chapter1_4", "chapter1_4\chapter1_4.vcxproj", "{3185B3CD-46AC-4FDB-BCB4-D69E15FA5CE9}"
EndProject
Project("{8BC9CEB8-8B4A-11D0-8D11-00A0C91BC942}") = "chapter1_5", "chapter1_5\chapter1_5.vcxproj", "{9043E809-9CAA-491C-B101-B696199722BD}"
EndProject
Project("{8BC9CEB8-8B4A-11D0-8D11-00A0C91BC942}") = "chapter1_6", "chapter1_6\chapter1_6.vcxproj", "{33B63F88-41C0-4302-AC69-293F1D0A1CF4}"
EndProject
Project("{8BC9CEB8-8B4A-11D0-8D11-00A0C91BC942}") = "chapter1_7", "chapter1_7\chapter1_7.vcxproj", "{212BC5F5-2ABE-43FB-9795-66C8EF556874}"
EndProject
Project("{8BC9CEB8-8B4A-11D0-8D11-00A0C91BC942}") = "chapter1_8", "chapter1_8\chapter1_8.vcxproj", "{69FD48A4-1F01-4659-8E42-D18C30E1B79C}"
EndProject
Project("{8BC9CEB8-8B4A-11D0-8D11-00A0C91BC942}") = "chapter1_9", "chapter1_9\chapter1_9.vcxproj", "{79F8BAC8-452B-47C9-A576-FD2F1403D58E}"
EndProject
Project("{8BC9CEB8-8B4A-11D0-8D11-00A0C91BC942}") = "chapter1_10", "chpater1_10\chpater1_10.vcxproj", "{5FFFB981-5C9F-4CB0-A805-19155684EE6D}"
EndProject
Project("{8BC9CEB8-8B4A-11D0-8D11-00A0C91BC942}") = "chapter1_11", "chapter1_11\chapter1_11.vcxproj", "{9E5F9C78-6BAE-4222-A644-E30DCF3D25FD}"
EndProject
Project("{8BC9CEB8-8B4A-11D0-8D11-00A0C91BC942}") = "chapter1_12", "chapter1_12\chapter1_12.vcxproj", "{87C0DA53-EBC1-41DC-9B37-CD8DB301AE48}"
EndProject
Project("{8BC9CEB8-8B4A-11D0-8D11-00A0C91BC942}") = "chapter1_13", "chapter1_13\chapter1_13.vcxproj", "{531AAFE5-716F-408E-9703-DD9A55A81095}"
EndProject
Project("{8BC9CEB8-8B4A-11D0-8D11-00A0C91BC942}") = "chapter1_14", "chapter1_14\chapter1_14.vcxproj", "{BC5F4B86-1957-494C-AFEC-840ED02EB171}"
EndProject
Project("{8BC9CEB8-8B4A-11D0-8D11-00A0C91BC942}") = "chapter2_1", "chapter2_1\chapter2_1.vcxproj", "{35EE906F-8630-4DA1-B93D-19E879B4581B}"
EndProject
Project("{8BC9CEB8-8B4A-11D0-8D11-00A0C91BC942}") = "chapter2_2", "chapter2_2\chapter2_2.vcxproj", "{97E597A9-BB6B-4426-A924-8488372C3350}"
EndProject
Project("{8BC9CEB8-8B4A-11D0-8D11-00A0C91BC942}") = "chapter2_3", "chapter2_3\chapter2_3.vcxproj", "{77A8CA98-3CB6-4D1F-8119-8F3F2F04DD78}"
EndProject
Project("{8BC9CEB8-8B4A-11D0-8D11-00A0C91BC942}") = "chapter2_4", "chapter2_4\chapter2_4.vcxproj", "{E902130B-8CC3-43CC-83B6-023C8B78B173}"
EndProject
Project("{8BC9CEB8-8B4A-11D0-8D11-00A0C91BC942}") = "chapter2_5", "chapter2_5\chapter2_5.vcxproj", "{812B3AEC-0CDC-4D92-AC64-7D1086D42653}"
EndProject
Project("{8BC9CEB8-8B4A-11D0-8D11-00A0C91BC942}") = "chapter2_6", "chapter2_6\chapter2_6.vcxproj", "{8172E7D0-FA35-4938-BD30-44CC29A53442}"
EndProject
Project("{8BC9CEB8-8B4A-11D0-8D11-00A0C91BC942}") = "chapter2_7", "chapter2_7\chapter2_7.vcxproj", "{9DAE4714-D1E9-470C-B41F-E832CCE82C7F}"
EndProject
Project("{8BC9CEB8-8B4A-11D0-8D11-00A0C91BC942}") = "chapter2_8", "chapter2_8\chapter2_8.vcxproj", "{E6B2C447-D863-4281-AEAB-BAD362E596D4}"
EndProject
Project("{8BC9CEB8-8B4A-11D0-8D11-00A0C91BC942}") = "chapter2_9", "chapter2_9\chapter2_9.vcxproj", "{F85247CC-2395-439D-8F52-CF1A0E03BD3F}"
EndProject
Project("{8BC9CEB8-8B4A-11D0-8D11-00A0C91BC942}") = "chapter3_1", "chapter2_10\chapter2_10.vcxproj", "{1378A76C-A3AB-476B-AA7D-3D8644953C02}"
EndProject
Project("{8BC9CEB8-8B4A-11D0-8D11-00A0C91BC942}") = "chapter3_2", "chapter2_11\chapter2_11.vcxproj", "{E3EDCD16-9DA7-4E03-B717-39E41060EC06}"
EndProject
Project("{8BC9CEB8-8B4A-11D0-8D11-00A0C91BC942}") = "chapter3_3", "chapter2_12\chapter2_12.vcxproj", "{0F3E51B9-A751-40CF-AB8E-EF34E78FC443}"
EndProject
Project("{8BC9CEB8-8B4A-11D0-8D11-00A0C91BC942}") = "chapter3_4", "chapter2_13\chapter2_13.vcxproj", "{1CB4D488-2ABE-4043-961B-8BF3AAFD69E2}"
EndProject
Project("{8BC9CEB8-8B4A-11D0-8D11-00A0C91BC942}") = "chapter3_5", "chapter2_14\chapter2_14.vcxproj", "{1604C764-0D20-4F18-81DF-ED989886F4B9}"
EndProject
Project("{8BC9CEB8-8B4A-11D0-8D11-00A0C91BC942}") = "chapter3_6", "chapter2_15\chapter2_15.vcxproj", "{D11957FE-129B-4BE1-9F4E-E6F1A248D975}"
EndProject
Project("{8BC9CEB8-8B4A-11D0-8D11-00A0C91BC942}") = "chapter3_7", "chapter2_16\chapter2_16.vcxproj", "{5996B248-DDDD-4971-9C0B-3A1EAF3BF231}"
EndProject
Project("{8BC9CEB8-8B4A-11D0-8D11-00A0C91BC942}") = "chapter3_8", "chapter3_8\chapter3_8.vcxproj", "{4195F616-7317-4062-8CAB-E270AA6DEEA9}"
EndProject
Project("{8BC9CEB8-8B4A-11D0-8D11-00A0C91BC942}") = "chapter3_9", "chapter3_9\chapter3_9.vcxproj", "{1CD40372-7075-4651-8B7F-89A6128A8CFE}"
EndProject
Project("{8BC9CEB8-8B4A-11D0-8D11-00A0C91BC942}") = "example3_9", "example3_9\example3_9.vcxproj", "{24FA546D-D1C8-42FA-BF24-46A9DBA08153}"
EndProject
Project("{8BC9CEB8-8B4A-11D0-8D11-00A0C91BC942}") = "chapter4_1", "chapter4_1\chapter4_1.vcxproj", "{A4AE2BD0-195B-442A-A462-0A84CF0DE2E3}"
EndProject
Project("{8BC9CEB8-8B4A-11D0-8D11-00A0C91BC942}") = "chapter4_2", "chapter4_2\chapter4_2.vcxproj", "{A6FE5B4F-AC5E-4CC8-A910-FBE85D60CBFF}"
EndProject
Project("{8BC9CEB8-8B4A-11D0-8D11-00A0C91BC942}") = "chapter4_3", "chapter4_3\chapter4_3.vcxproj", "{AC1D6392-FE98-4E21-B665-208A5AEE698E}"
EndProject
Project("{8BC9CEB8-8B4A-11D0-8D11-00A0C91BC942}") = "chapter4_4", "chapter4_4\chapter4_4.vcxproj", "{B9E0259A-23C7-46AE-9517-3516C4A7B8D6}"
EndProject
Project("{8BC9CEB8-8B4A-11D0-8D11-00A0C91BC942}") = "chapter4_5", "chapter4_5\chapter4_5.vcxproj", "{773EB864-2D64-4450-A1BC-07AA1095BE41}"
EndProject
Project("{8BC9CEB8-8B4A-11D0-8D11-00A0C91BC942}") = "chapter4_6", "chapter4_6\chapter4_6.vcxproj", "{F1AEC2F8-3260-4429-9DDB-CA8A60FA59A3}"
EndProject
Project("{8BC9CEB8-8B4A-11D0-8D11-00A0C91BC942}") = "chapter4_7", "chapter4_7\chapter4_7.vcxproj", "{00E023EE-9DDC-42A4-9DC3-2401C58E9FE0}"
EndProject
Project("{8BC9CEB8-8B4A-11D0-8D11-00A0C91BC942}") = "chapter4_8", "chapter4_8\chapter4_8.vcxproj", "{4522FC93-7BFC-4247-9435-63DA5731CF5B}"
EndProject
Project("{8BC9CEB8-8B4A-11D0-8D11-00A0C91BC942}") = "chapter4_9", "chapter4_9\chapter4_9.vcxproj", "{9E1D8767-E166-4932-9B78-A3D479EE16D3}"
EndProject
Project("{8BC9CEB8-8B4A-11D0-8D11-00A0C91BC942}") = "chapter4_10", "chapter4_10\chapter4_10.vcxproj", "{A6B429A0-9D9E-4E11-81CE-E6EF3FDA2DA8}"
EndProject
Project("{8BC9CEB8-8B4A-11D0-8D11-00A0C91BC942}") = "chapter5_1", "chapter5_1\chapter5_1.vcxproj", "{3F1366F1-8D14-478F-8034-70E704950485}"
EndProject
Project("{8BC9CEB8-8B4A-11D0-8D11-00A0C91BC942}") = "chapter5_2", "chapter5_2\chapter5_2.vcxproj", "{16A67DC0-0A58-46A4-BECA-D7BD0EED080B}"
EndProject
Project("{8BC9CEB8-8B4A-11D0-8D11-00A0C91BC942}") = "chapter5_3", "chapter5_3\chapter5_3.vcxproj", "{82E4392D-6B75-4F19-9B13-0755A26F9D1D}"
EndProject
Project("{8BC9CEB8-8B4A-11D0-8D11-00A0C91BC942}") = "chapter5_4", "chapter5_4\chapter5_4.vcxproj", "{3A442606-9921-425E-A52A-A52C37DE8AFE}"
EndProject
Project("{8BC9CEB8-8B4A-11D0-8D11-00A0C91BC942}") = "chapter5_5", "chpater5_5\chpater5_5.vcxproj", "{6FBF1625-F81E-40AE-8FC8-5F65FD331335}"
EndProject
Project("{8BC9CEB8-8B4A-11D0-8D11-00A0C91BC942}") = "chapter5_6", "chapter5_6\chapter5_6.vcxproj", "{AC9B3811-ADEC-4955-9181-20828B05A7B1}"
EndProject
Project("{8BC9CEB8-8B4A-11D0-8D11-00A0C91BC942}") = "chapter5_7", "chapter5_7\chapter5_7.vcxproj", "{4F354885-144C-4040-97B8-9DF8BA1C0FC1}"
EndProject
Project("{8BC9CEB8-8B4A-11D0-8D11-00A0C91BC942}") = "chapter5_8", "chapter5_8\chapter5_8.vcxproj", "{E0ED29EE-4F09-47E1-8569-51B08E0A269B}"
EndProject
Project("{8BC9CEB8-8B4A-11D0-8D11-00A0C91BC942}") = "chapter5_9", "chapter5_9\chapter5_9.vcxproj", "{D5701E32-7A69-4824-820E-1961C7EA2084}"
EndProject
Project("{8BC9CEB8-8B4A-11D0-8D11-00A0C91BC942}") = "chapter5_10", "chapter5_10\chapter5_10.vcxproj", "{F0F62E46-76B4-450E-A95B-2B98000B0FEC}"
EndProject
Project("{8BC9CEB8-8B4A-11D0-8D11-00A0C91BC942}") = "chapter6_1", "chapter6_1\chapter6_1.vcxproj", "{7AD6E2BB-4F5A-4FAD-BAA5-D009AFDFD184}"
EndProject
Project("{8BC9CEB8-8B4A-11D0-8D11-00A0C91BC942}") = "chapter6_2", "chapter6_2\chapter6_2.vcxproj", "{B4A57287-0FDF-4CDA-8AF0-9C4E78EC0E9B}"
EndProject
Project("{8BC9CEB8-8B4A-11D0-8D11-00A0C91BC942}") = "chapter6_3", "chapter6_3\chapter6_3.vcxproj", "{A08DF395-E720-47F0-9396-32C98BF217FD}"
EndProject
Project("{8BC9CEB8-8B4A-11D0-8D11-00A0C91BC942}") = "chapter6_4", "chapter6_4\chapter6_4.vcxproj", "{A56B6F21-5D80-4E53-BC31-6DAAABC25D57}"
EndProject
Project("{8BC9CEB8-8B4A-11D0-8D11-00A0C91BC942}") = "chapter6_5", "chapter6_5\chapter6_5.vcxproj", "{20B03651-775F-4AF1-A350-99CE0C03B0C4}"
EndProject
Project("{8BC9CEB8-8B4A-11D0-8D11-00A0C91BC942}") = "chapter6_6", "chapter6_6\chapter6_6.vcxproj", "{1B278052-913E-4FDE-BCA3-FD5254FF95AE}"
EndProject
Project("{8BC9CEB8-8B4A-11D0-8D11-00A0C91BC942}") = "chapter6_7", "chapter6_7\chapter6_7.vcxproj", "{397BDF52-031E-4AD1-8FC1-D0C96CB5A52C}"
EndProject
Project("{8BC9CEB8-8B4A-11D0-8D11-00A0C91BC942}") = "chapter6_8", "chapter6_8\chapter6_8.vcxproj", "{98C4D144-CD71-4800-8525-C23882164160}"
EndProject
Project("{8BC9CEB8-8B4A-11D0-8D11-00A0C91BC942}") = "chapter6_7a", "chapter6_7a\chapter6_7a.vcxproj", "{63511B33-CCF9-4D0D-AC4F-B514DBA840BE}"
EndProject
Project("{8BC9CEB8-8B4A-11D0-8D11-00A0C91BC942}") = "chapter6_9", "chapter6_9\chapter6_9.vcxproj", "{2B476C60-EC0C-45D2-AF97-8CBC3948BA30}"
EndProject
Project("{8BC9CEB8-8B4A-11D0-8D11-00A0C91BC942}") = "chapter6_10", "chapter6_10\chapter6_10.vcxproj", "{5EE1FA51-8DCB-46C9-A1A1-3244C33FAAC8}"
EndProject
Project("{8BC9CEB8-8B4A-11D0-8D11-00A0C91BC942}") = "chapter6_11", "chapter6_11\chapter6_11.vcxproj", "{6D0828F1-175C-49E2-BD91-7A8BA7AB1F5E}"
EndProject
Project("{8BC9CEB8-8B4A-11D0-8D11-00A0C91BC942}") = "chapter6_12", "chapter6_12\chapter6_12.vcxproj", "{5365FBB8-8F9A-4404-8D50-6A167E43961F}"
EndProject
Project("{8BC9CEB8-8B4A-11D0-8D11-00A0C91BC942}") = "chapter6_13", "chapter6_13\chapter6_13.vcxproj", "{4035B64D-EAB7-438D-B92B-684DE911F90E}"
EndProject
Project("{8BC9CEB8-8B4A-11D0-8D11-00A0C91BC942}") = "chapter6_14", "chapter6_14\chapter6_14.vcxproj", "{FE237A27-B7AB-400B-8180-4825275E0E5A}"
EndProject
Project("{8BC9CEB8-8B4A-11D0-8D11-00A0C91BC942}") = "chapter6_15", "chapter6_15\chapter6_15.vcxproj", "{C1C8F6B4-8547-4688-85E1-473E4CE2FE80}"
EndProject
Project("{8BC9CEB8-8B4A-11D0-8D11-00A0C91BC942}") = "chapter6_16", "chapter6_16\chapter6_16.vcxproj", "{9AEE0F6D-F10F-4B9E-8046-53BA775DE4AB}"
EndProject
Project("{8BC9CEB8-8B4A-11D0-8D11-00A0C91BC942}") = "chapter6_17", "chapter6_17\chapter6_17.vcxproj", "{E3C9B8EE-040F-4849-B54D-3E5679F59A4A}"
EndProject
Project("{8BC9CEB8-8B4A-11D0-8D11-00A0C91BC942}") = "chapter6_18", "chapter6_18\chapter6_18.vcxproj", "{A8642226-6B38-4C42-AF07-E39F68DA9ABA}"
EndProject
Project("{8BC9CEB8-8B4A-11D0-8D11-00A0C91BC942}") = "chapter6_19", "chapter6_19\chapter6_19.vcxproj", "{9ABF5C46-C024-44B3-9290-D050217F2B03}"
EndProject
Project("{8BC9CEB8-8B4A-11D0-8D11-00A0C91BC942}") = "chapter6_20", "chapter6_20\chapter6_20.vcxproj", "{AF57E09A-0424-48E4-AFC6-06F2C8D09977}"
EndProject
Project("{8BC9CEB8-8B4A-11D0-8D11-00A0C91BC942}") = "chapter6_21", "chapter6_21\chapter6_21.vcxproj", "{99B27183-3A74-4C4A-B077-45F5514EE801}"
EndProject
Project("{8BC9CEB8-8B4A-11D0-8D11-00A0C91BC942}") = "chapter7_1", "chapter7_1\chapter7_1.vcxproj", "{CA9D1DD2-132E-430D-9B74-B2052856638C}"
EndProject
Project("{8BC9CEB8-8B4A-11D0-8D11-00A0C91BC942}") = "chapter7_2", "chapter7_2\chapter7_2.vcxproj", "{417AA62D-A18A-4A5A-9583-6678D4C9E199}"
EndProject
Project("{8BC9CEB8-8B4A-11D0-8D11-00A0C91BC942}") = "chapter7_3", "chapter7_3\chapter7_3.vcxproj", "{A07F6D04-6D6F-48D9-8FB7-351C799572C3}"
EndProject
Project("{8BC9CEB8-8B4A-11D0-8D11-00A0C91BC942}") = "chapter7_4", "chapter7_4\chapter7_4.vcxproj", "{B5B4E705-468C-45F5-B102-549DF4AF714C}"
EndProject
Project("{8BC9CEB8-8B4A-11D0-8D11-00A0C91BC942}") = "chapter7_5", "chapter7_5\chapter7_5.vcxproj", "{449C2F7B-79FD-40F3-9355-BED60B94A0E8}"
EndProject
Project("{8BC9CEB8-8B4A-11D0-8D11-00A0C91BC942}") = "chapter7_6", "chapter7_6\chapter7_6.vcxproj", "{30C6035C-74CD-4AC3-8632-8A1B4CCCA37A}"
EndProject
Project("{8BC9CEB8-8B4A-11D0-8D11-00A0C91BC942}") = "chapter7_7", "chapter7_7\chapter7_7.vcxproj", "{382F929D-5E1E-4713-A925-D439EEFBACD5}"
EndProject
Project("{8BC9CEB8-8B4A-11D0-8D11-00A0C91BC942}") = "chapter7_8", "chapter7_8\chapter7_8.vcxproj", "{C5F3FCBD-81F8-4F2F-86B2-B15D9EF8E866}"
EndProject
Project("{8BC9CEB8-8B4A-11D0-8D11-00A0C91BC942}") = "chapter7_9", "chapter7_9\chapter7_9.vcxproj", "{D4D278EA-8337-40D6-857A-6420DB415FCE}"
EndProject
Project("{8BC9CEB8-8B4A-11D0-8D11-00A0C91BC942}") = "chapter7_10", "chapter7_10\chapter7_10.vcxproj", "{15B79066-38E5-458B-AA69-DD6CEC0C95FE}"
EndProject
Project("{8BC9CEB8-8B4A-11D0-8D11-00A0C91BC942}") = "chapter7_11", "chapter7_11\chapter7_11.vcxproj", "{BFCC8D2D-99B3-40E1-9FD6-5B882D3E07C0}"
EndProject
Project("{8BC9CEB8-8B4A-11D0-8D11-00A0C91BC942}") = "chapter7_12", "chapter7_12\chapter7_12.vcxproj", "{A478E2F0-2E29-485F-B32D-98D17786F4F5}"
EndProject
Project("{8BC9CEB8-8B4A-11D0-8D11-00A0C91BC942}") = "chapter7_13", "chapter7_13\chapter7_13.vcxproj", "{85ABF98C-F12B-43CE-9732-449A6F111BA2}"
EndProject
Project("{8BC9CEB8-8B4A-11D0-8D11-00A0C91BC942}") = "chapter7_14", "chapter7_14\chapter7_14.vcxproj", "{6048D7D8-C854-4696-A8B9-FCC16A45509F}"
EndProject
Project("{8BC9CEB8-8B4A-11D0-8D11-00A0C91BC942}") = "chapter7_15", "chapter7_15\chapter7_15.vcxproj", "{4519D4AF-4C5E-44D7-A904-55EDF0464E38}"
EndProject
Project("{8BC9CEB8-8B4A-11D0-8D11-00A0C91BC942}") = "chapter7_16", "chapter7_16\chapter7_16.vcxproj", "{70755FCB-F7DE-4841-976D-1C68039F1759}"
EndProject
Global
	GlobalSection(SolutionConfigurationPlatforms) = preSolution
		Debug|x64 = Debug|x64
		Debug|x86 = Debug|x86
		Release|x64 = Release|x64
		Release|x86 = Release|x86
	EndGlobalSection
	GlobalSection(ProjectConfigurationPlatforms) = postSolution
		{6527D363-E795-4D16-A7CC-84A95C938A98}.Debug|x64.ActiveCfg = Debug|x64
		{6527D363-E795-4D16-A7CC-84A95C938A98}.Debug|x64.Build.0 = Debug|x64
		{6527D363-E795-4D16-A7CC-84A95C938A98}.Debug|x86.ActiveCfg = Debug|Win32
		{6527D363-E795-4D16-A7CC-84A95C938A98}.Debug|x86.Build.0 = Debug|Win32
		{6527D363-E795-4D16-A7CC-84A95C938A98}.Release|x64.ActiveCfg = Release|x64
		{6527D363-E795-4D16-A7CC-84A95C938A98}.Release|x64.Build.0 = Release|x64
		{6527D363-E795-4D16-A7CC-84A95C938A98}.Release|x86.ActiveCfg = Release|Win32
		{6527D363-E795-4D16-A7CC-84A95C938A98}.Release|x86.Build.0 = Release|Win32
		{BFD9C342-844C-46A0-8893-86CB11D238F1}.Debug|x64.ActiveCfg = Debug|x64
		{BFD9C342-844C-46A0-8893-86CB11D238F1}.Debug|x64.Build.0 = Debug|x64
		{BFD9C342-844C-46A0-8893-86CB11D238F1}.Debug|x86.ActiveCfg = Debug|Win32
		{BFD9C342-844C-46A0-8893-86CB11D238F1}.Debug|x86.Build.0 = Debug|Win32
		{BFD9C342-844C-46A0-8893-86CB11D238F1}.Release|x64.ActiveCfg = Release|x64
		{BFD9C342-844C-46A0-8893-86CB11D238F1}.Release|x64.Build.0 = Release|x64
		{BFD9C342-844C-46A0-8893-86CB11D238F1}.Release|x86.ActiveCfg = Release|Win32
		{BFD9C342-844C-46A0-8893-86CB11D238F1}.Release|x86.Build.0 = Release|Win32
		{3185B3CD-46AC-4FDB-BCB4-D69E15FA5CE9}.Debug|x64.ActiveCfg = Debug|x64
		{3185B3CD-46AC-4FDB-BCB4-D69E15FA5CE9}.Debug|x64.Build.0 = Debug|x64
		{3185B3CD-46AC-4FDB-BCB4-D69E15FA5CE9}.Debug|x86.ActiveCfg = Debug|Win32
		{3185B3CD-46AC-4FDB-BCB4-D69E15FA5CE9}.Debug|x86.Build.0 = Debug|Win32
		{3185B3CD-46AC-4FDB-BCB4-D69E15FA5CE9}.Release|x64.ActiveCfg = Release|x64
		{3185B3CD-46AC-4FDB-BCB4-D69E15FA5CE9}.Release|x64.Build.0 = Release|x64
		{3185B3CD-46AC-4FDB-BCB4-D69E15FA5CE9}.Release|x86.ActiveCfg = Release|Win32
		{3185B3CD-46AC-4FDB-BCB4-D69E15FA5CE9}.Release|x86.Build.0 = Release|Win32
		{9043E809-9CAA-491C-B101-B696199722BD}.Debug|x64.ActiveCfg = Debug|x64
		{9043E809-9CAA-491C-B101-B696199722BD}.Debug|x64.Build.0 = Debug|x64
		{9043E809-9CAA-491C-B101-B696199722BD}.Debug|x86.ActiveCfg = Debug|Win32
		{9043E809-9CAA-491C-B101-B696199722BD}.Debug|x86.Build.0 = Debug|Win32
		{9043E809-9CAA-491C-B101-B696199722BD}.Release|x64.ActiveCfg = Release|x64
		{9043E809-9CAA-491C-B101-B696199722BD}.Release|x64.Build.0 = Release|x64
		{9043E809-9CAA-491C-B101-B696199722BD}.Release|x86.ActiveCfg = Release|Win32
		{9043E809-9CAA-491C-B101-B696199722BD}.Release|x86.Build.0 = Release|Win32
		{33B63F88-41C0-4302-AC69-293F1D0A1CF4}.Debug|x64.ActiveCfg = Debug|x64
		{33B63F88-41C0-4302-AC69-293F1D0A1CF4}.Debug|x64.Build.0 = Debug|x64
		{33B63F88-41C0-4302-AC69-293F1D0A1CF4}.Debug|x86.ActiveCfg = Debug|Win32
		{33B63F88-41C0-4302-AC69-293F1D0A1CF4}.Debug|x86.Build.0 = Debug|Win32
		{33B63F88-41C0-4302-AC69-293F1D0A1CF4}.Release|x64.ActiveCfg = Release|x64
		{33B63F88-41C0-4302-AC69-293F1D0A1CF4}.Release|x64.Build.0 = Release|x64
		{33B63F88-41C0-4302-AC69-293F1D0A1CF4}.Release|x86.ActiveCfg = Release|Win32
		{33B63F88-41C0-4302-AC69-293F1D0A1CF4}.Release|x86.Build.0 = Release|Win32
		{212BC5F5-2ABE-43FB-9795-66C8EF556874}.Debug|x64.ActiveCfg = Debug|x64
		{212BC5F5-2ABE-43FB-9795-66C8EF556874}.Debug|x64.Build.0 = Debug|x64
		{212BC5F5-2ABE-43FB-9795-66C8EF556874}.Debug|x86.ActiveCfg = Debug|Win32
		{212BC5F5-2ABE-43FB-9795-66C8EF556874}.Debug|x86.Build.0 = Debug|Win32
		{212BC5F5-2ABE-43FB-9795-66C8EF556874}.Release|x64.ActiveCfg = Release|x64
		{212BC5F5-2ABE-43FB-9795-66C8EF556874}.Release|x64.Build.0 = Release|x64
		{212BC5F5-2ABE-43FB-9795-66C8EF556874}.Release|x86.ActiveCfg = Release|Win32
		{212BC5F5-2ABE-43FB-9795-66C8EF556874}.Release|x86.Build.0 = Release|Win32
		{69FD48A4-1F01-4659-8E42-D18C30E1B79C}.Debug|x64.ActiveCfg = Debug|x64
		{69FD48A4-1F01-4659-8E42-D18C30E1B79C}.Debug|x64.Build.0 = Debug|x64
		{69FD48A4-1F01-4659-8E42-D18C30E1B79C}.Debug|x86.ActiveCfg = Debug|Win32
		{69FD48A4-1F01-4659-8E42-D18C30E1B79C}.Debug|x86.Build.0 = Debug|Win32
		{69FD48A4-1F01-4659-8E42-D18C30E1B79C}.Release|x64.ActiveCfg = Release|x64
		{69FD48A4-1F01-4659-8E42-D18C30E1B79C}.Release|x64.Build.0 = Release|x64
		{69FD48A4-1F01-4659-8E42-D18C30E1B79C}.Release|x86.ActiveCfg = Release|Win32
		{69FD48A4-1F01-4659-8E42-D18C30E1B79C}.Release|x86.Build.0 = Release|Win32
		{79F8BAC8-452B-47C9-A576-FD2F1403D58E}.Debug|x64.ActiveCfg = Debug|x64
		{79F8BAC8-452B-47C9-A576-FD2F1403D58E}.Debug|x64.Build.0 = Debug|x64
		{79F8BAC8-452B-47C9-A576-FD2F1403D58E}.Debug|x86.ActiveCfg = Debug|Win32
		{79F8BAC8-452B-47C9-A576-FD2F1403D58E}.Debug|x86.Build.0 = Debug|Win32
		{79F8BAC8-452B-47C9-A576-FD2F1403D58E}.Release|x64.ActiveCfg = Release|x64
		{79F8BAC8-452B-47C9-A576-FD2F1403D58E}.Release|x64.Build.0 = Release|x64
		{79F8BAC8-452B-47C9-A576-FD2F1403D58E}.Release|x86.ActiveCfg = Release|Win32
		{79F8BAC8-452B-47C9-A576-FD2F1403D58E}.Release|x86.Build.0 = Release|Win32
		{5FFFB981-5C9F-4CB0-A805-19155684EE6D}.Debug|x64.ActiveCfg = Debug|x64
		{5FFFB981-5C9F-4CB0-A805-19155684EE6D}.Debug|x64.Build.0 = Debug|x64
		{5FFFB981-5C9F-4CB0-A805-19155684EE6D}.Debug|x86.ActiveCfg = Debug|Win32
		{5FFFB981-5C9F-4CB0-A805-19155684EE6D}.Debug|x86.Build.0 = Debug|Win32
		{5FFFB981-5C9F-4CB0-A805-19155684EE6D}.Release|x64.ActiveCfg = Release|x64
		{5FFFB981-5C9F-4CB0-A805-19155684EE6D}.Release|x64.Build.0 = Release|x64
		{5FFFB981-5C9F-4CB0-A805-19155684EE6D}.Release|x86.ActiveCfg = Release|Win32
		{5FFFB981-5C9F-4CB0-A805-19155684EE6D}.Release|x86.Build.0 = Release|Win32
		{9E5F9C78-6BAE-4222-A644-E30DCF3D25FD}.Debug|x64.ActiveCfg = Debug|x64
		{9E5F9C78-6BAE-4222-A644-E30DCF3D25FD}.Debug|x64.Build.0 = Debug|x64
		{9E5F9C78-6BAE-4222-A644-E30DCF3D25FD}.Debug|x86.ActiveCfg = Debug|Win32
		{9E5F9C78-6BAE-4222-A644-E30DCF3D25FD}.Debug|x86.Build.0 = Debug|Win32
		{9E5F9C78-6BAE-4222-A644-E30DCF3D25FD}.Release|x64.ActiveCfg = Release|x64
		{9E5F9C78-6BAE-4222-A644-E30DCF3D25FD}.Release|x64.Build.0 = Release|x64
		{9E5F9C78-6BAE-4222-A644-E30DCF3D25FD}.Release|x86.ActiveCfg = Release|Win32
		{9E5F9C78-6BAE-4222-A644-E30DCF3D25FD}.Release|x86.Build.0 = Release|Win32
		{87C0DA53-EBC1-41DC-9B37-CD8DB301AE48}.Debug|x64.ActiveCfg = Debug|x64
		{87C0DA53-EBC1-41DC-9B37-CD8DB301AE48}.Debug|x64.Build.0 = Debug|x64
		{87C0DA53-EBC1-41DC-9B37-CD8DB301AE48}.Debug|x86.ActiveCfg = Debug|Win32
		{87C0DA53-EBC1-41DC-9B37-CD8DB301AE48}.Debug|x86.Build.0 = Debug|Win32
		{87C0DA53-EBC1-41DC-9B37-CD8DB301AE48}.Release|x64.ActiveCfg = Release|x64
		{87C0DA53-EBC1-41DC-9B37-CD8DB301AE48}.Release|x64.Build.0 = Release|x64
		{87C0DA53-EBC1-41DC-9B37-CD8DB301AE48}.Release|x86.ActiveCfg = Release|Win32
		{87C0DA53-EBC1-41DC-9B37-CD8DB301AE48}.Release|x86.Build.0 = Release|Win32
		{531AAFE5-716F-408E-9703-DD9A55A81095}.Debug|x64.ActiveCfg = Debug|x64
		{531AAFE5-716F-408E-9703-DD9A55A81095}.Debug|x64.Build.0 = Debug|x64
		{531AAFE5-716F-408E-9703-DD9A55A81095}.Debug|x86.ActiveCfg = Debug|Win32
		{531AAFE5-716F-408E-9703-DD9A55A81095}.Debug|x86.Build.0 = Debug|Win32
		{531AAFE5-716F-408E-9703-DD9A55A81095}.Release|x64.ActiveCfg = Release|x64
		{531AAFE5-716F-408E-9703-DD9A55A81095}.Release|x64.Build.0 = Release|x64
		{531AAFE5-716F-408E-9703-DD9A55A81095}.Release|x86.ActiveCfg = Release|Win32
		{531AAFE5-716F-408E-9703-DD9A55A81095}.Release|x86.Build.0 = Release|Win32
		{BC5F4B86-1957-494C-AFEC-840ED02EB171}.Debug|x64.ActiveCfg = Debug|x64
		{BC5F4B86-1957-494C-AFEC-840ED02EB171}.Debug|x64.Build.0 = Debug|x64
		{BC5F4B86-1957-494C-AFEC-840ED02EB171}.Debug|x86.ActiveCfg = Debug|Win32
		{BC5F4B86-1957-494C-AFEC-840ED02EB171}.Debug|x86.Build.0 = Debug|Win32
		{BC5F4B86-1957-494C-AFEC-840ED02EB171}.Release|x64.ActiveCfg = Release|x64
		{BC5F4B86-1957-494C-AFEC-840ED02EB171}.Release|x64.Build.0 = Release|x64
		{BC5F4B86-1957-494C-AFEC-840ED02EB171}.Release|x86.ActiveCfg = Release|Win32
		{BC5F4B86-1957-494C-AFEC-840ED02EB171}.Release|x86.Build.0 = Release|Win32
		{35EE906F-8630-4DA1-B93D-19E879B4581B}.Debug|x64.ActiveCfg = Debug|x64
		{35EE906F-8630-4DA1-B93D-19E879B4581B}.Debug|x64.Build.0 = Debug|x64
		{35EE906F-8630-4DA1-B93D-19E879B4581B}.Debug|x86.ActiveCfg = Debug|Win32
		{35EE906F-8630-4DA1-B93D-19E879B4581B}.Debug|x86.Build.0 = Debug|Win32
		{35EE906F-8630-4DA1-B93D-19E879B4581B}.Release|x64.ActiveCfg = Release|x64
		{35EE906F-8630-4DA1-B93D-19E879B4581B}.Release|x64.Build.0 = Release|x64
		{35EE906F-8630-4DA1-B93D-19E879B4581B}.Release|x86.ActiveCfg = Release|Win32
		{35EE906F-8630-4DA1-B93D-19E879B4581B}.Release|x86.Build.0 = Release|Win32
		{97E597A9-BB6B-4426-A924-8488372C3350}.Debug|x64.ActiveCfg = Debug|x64
		{97E597A9-BB6B-4426-A924-8488372C3350}.Debug|x64.Build.0 = Debug|x64
		{97E597A9-BB6B-4426-A924-8488372C3350}.Debug|x86.ActiveCfg = Debug|Win32
		{97E597A9-BB6B-4426-A924-8488372C3350}.Debug|x86.Build.0 = Debug|Win32
		{97E597A9-BB6B-4426-A924-8488372C3350}.Release|x64.ActiveCfg = Release|x64
		{97E597A9-BB6B-4426-A924-8488372C3350}.Release|x64.Build.0 = Release|x64
		{97E597A9-BB6B-4426-A924-8488372C3350}.Release|x86.ActiveCfg = Release|Win32
		{97E597A9-BB6B-4426-A924-8488372C3350}.Release|x86.Build.0 = Release|Win32
		{77A8CA98-3CB6-4D1F-8119-8F3F2F04DD78}.Debug|x64.ActiveCfg = Debug|x64
		{77A8CA98-3CB6-4D1F-8119-8F3F2F04DD78}.Debug|x64.Build.0 = Debug|x64
		{77A8CA98-3CB6-4D1F-8119-8F3F2F04DD78}.Debug|x86.ActiveCfg = Debug|Win32
		{77A8CA98-3CB6-4D1F-8119-8F3F2F04DD78}.Debug|x86.Build.0 = Debug|Win32
		{77A8CA98-3CB6-4D1F-8119-8F3F2F04DD78}.Release|x64.ActiveCfg = Release|x64
		{77A8CA98-3CB6-4D1F-8119-8F3F2F04DD78}.Release|x64.Build.0 = Release|x64
		{77A8CA98-3CB6-4D1F-8119-8F3F2F04DD78}.Release|x86.ActiveCfg = Release|Win32
		{77A8CA98-3CB6-4D1F-8119-8F3F2F04DD78}.Release|x86.Build.0 = Release|Win32
		{E902130B-8CC3-43CC-83B6-023C8B78B173}.Debug|x64.ActiveCfg = Debug|x64
		{E902130B-8CC3-43CC-83B6-023C8B78B173}.Debug|x64.Build.0 = Debug|x64
		{E902130B-8CC3-43CC-83B6-023C8B78B173}.Debug|x86.ActiveCfg = Debug|Win32
		{E902130B-8CC3-43CC-83B6-023C8B78B173}.Debug|x86.Build.0 = Debug|Win32
		{E902130B-8CC3-43CC-83B6-023C8B78B173}.Release|x64.ActiveCfg = Release|x64
		{E902130B-8CC3-43CC-83B6-023C8B78B173}.Release|x64.Build.0 = Release|x64
		{E902130B-8CC3-43CC-83B6-023C8B78B173}.Release|x86.ActiveCfg = Release|Win32
		{E902130B-8CC3-43CC-83B6-023C8B78B173}.Release|x86.Build.0 = Release|Win32
		{812B3AEC-0CDC-4D92-AC64-7D1086D42653}.Debug|x64.ActiveCfg = Debug|x64
		{812B3AEC-0CDC-4D92-AC64-7D1086D42653}.Debug|x64.Build.0 = Debug|x64
		{812B3AEC-0CDC-4D92-AC64-7D1086D42653}.Debug|x86.ActiveCfg = Debug|Win32
		{812B3AEC-0CDC-4D92-AC64-7D1086D42653}.Debug|x86.Build.0 = Debug|Win32
		{812B3AEC-0CDC-4D92-AC64-7D1086D42653}.Release|x64.ActiveCfg = Release|x64
		{812B3AEC-0CDC-4D92-AC64-7D1086D42653}.Release|x64.Build.0 = Release|x64
		{812B3AEC-0CDC-4D92-AC64-7D1086D42653}.Release|x86.ActiveCfg = Release|Win32
		{812B3AEC-0CDC-4D92-AC64-7D1086D42653}.Release|x86.Build.0 = Release|Win32
		{8172E7D0-FA35-4938-BD30-44CC29A53442}.Debug|x64.ActiveCfg = Debug|x64
		{8172E7D0-FA35-4938-BD30-44CC29A53442}.Debug|x64.Build.0 = Debug|x64
		{8172E7D0-FA35-4938-BD30-44CC29A53442}.Debug|x86.ActiveCfg = Debug|Win32
		{8172E7D0-FA35-4938-BD30-44CC29A53442}.Debug|x86.Build.0 = Debug|Win32
		{8172E7D0-FA35-4938-BD30-44CC29A53442}.Release|x64.ActiveCfg = Release|x64
		{8172E7D0-FA35-4938-BD30-44CC29A53442}.Release|x64.Build.0 = Release|x64
		{8172E7D0-FA35-4938-BD30-44CC29A53442}.Release|x86.ActiveCfg = Release|Win32
		{8172E7D0-FA35-4938-BD30-44CC29A53442}.Release|x86.Build.0 = Release|Win32
		{9DAE4714-D1E9-470C-B41F-E832CCE82C7F}.Debug|x64.ActiveCfg = Debug|x64
		{9DAE4714-D1E9-470C-B41F-E832CCE82C7F}.Debug|x64.Build.0 = Debug|x64
		{9DAE4714-D1E9-470C-B41F-E832CCE82C7F}.Debug|x86.ActiveCfg = Debug|Win32
		{9DAE4714-D1E9-470C-B41F-E832CCE82C7F}.Debug|x86.Build.0 = Debug|Win32
		{9DAE4714-D1E9-470C-B41F-E832CCE82C7F}.Release|x64.ActiveCfg = Release|x64
		{9DAE4714-D1E9-470C-B41F-E832CCE82C7F}.Release|x64.Build.0 = Release|x64
		{9DAE4714-D1E9-470C-B41F-E832CCE82C7F}.Release|x86.ActiveCfg = Release|Win32
		{9DAE4714-D1E9-470C-B41F-E832CCE82C7F}.Release|x86.Build.0 = Release|Win32
		{E6B2C447-D863-4281-AEAB-BAD362E596D4}.Debug|x64.ActiveCfg = Debug|x64
		{E6B2C447-D863-4281-AEAB-BAD362E596D4}.Debug|x64.Build.0 = Debug|x64
		{E6B2C447-D863-4281-AEAB-BAD362E596D4}.Debug|x86.ActiveCfg = Debug|Win32
		{E6B2C447-D863-4281-AEAB-BAD362E596D4}.Debug|x86.Build.0 = Debug|Win32
		{E6B2C447-D863-4281-AEAB-BAD362E596D4}.Release|x64.ActiveCfg = Release|x64
		{E6B2C447-D863-4281-AEAB-BAD362E596D4}.Release|x64.Build.0 = Release|x64
		{E6B2C447-D863-4281-AEAB-BAD362E596D4}.Release|x86.ActiveCfg = Release|Win32
		{E6B2C447-D863-4281-AEAB-BAD362E596D4}.Release|x86.Build.0 = Release|Win32
		{F85247CC-2395-439D-8F52-CF1A0E03BD3F}.Debug|x64.ActiveCfg = Debug|x64
		{F85247CC-2395-439D-8F52-CF1A0E03BD3F}.Debug|x64.Build.0 = Debug|x64
		{F85247CC-2395-439D-8F52-CF1A0E03BD3F}.Debug|x86.ActiveCfg = Debug|Win32
		{F85247CC-2395-439D-8F52-CF1A0E03BD3F}.Debug|x86.Build.0 = Debug|Win32
		{F85247CC-2395-439D-8F52-CF1A0E03BD3F}.Release|x64.ActiveCfg = Release|x64
		{F85247CC-2395-439D-8F52-CF1A0E03BD3F}.Release|x64.Build.0 = Release|x64
		{F85247CC-2395-439D-8F52-CF1A0E03BD3F}.Release|x86.ActiveCfg = Release|Win32
		{F85247CC-2395-439D-8F52-CF1A0E03BD3F}.Release|x86.Build.0 = Release|Win32
		{1378A76C-A3AB-476B-AA7D-3D8644953C02}.Debug|x64.ActiveCfg = Debug|x64
		{1378A76C-A3AB-476B-AA7D-3D8644953C02}.Debug|x64.Build.0 = Debug|x64
		{1378A76C-A3AB-476B-AA7D-3D8644953C02}.Debug|x86.ActiveCfg = Debug|Win32
		{1378A76C-A3AB-476B-AA7D-3D8644953C02}.Debug|x86.Build.0 = Debug|Win32
		{1378A76C-A3AB-476B-AA7D-3D8644953C02}.Release|x64.ActiveCfg = Release|x64
		{1378A76C-A3AB-476B-AA7D-3D8644953C02}.Release|x64.Build.0 = Release|x64
		{1378A76C-A3AB-476B-AA7D-3D8644953C02}.Release|x86.ActiveCfg = Release|Win32
		{1378A76C-A3AB-476B-AA7D-3D8644953C02}.Release|x86.Build.0 = Release|Win32
		{E3EDCD16-9DA7-4E03-B717-39E41060EC06}.Debug|x64.ActiveCfg = Debug|x64
		{E3EDCD16-9DA7-4E03-B717-39E41060EC06}.Debug|x64.Build.0 = Debug|x64
		{E3EDCD16-9DA7-4E03-B717-39E41060EC06}.Debug|x86.ActiveCfg = Debug|Win32
		{E3EDCD16-9DA7-4E03-B717-39E41060EC06}.Debug|x86.Build.0 = Debug|Win32
		{E3EDCD16-9DA7-4E03-B717-39E41060EC06}.Release|x64.ActiveCfg = Release|x64
		{E3EDCD16-9DA7-4E03-B717-39E41060EC06}.Release|x64.Build.0 = Release|x64
		{E3EDCD16-9DA7-4E03-B717-39E41060EC06}.Release|x86.ActiveCfg = Release|Win32
		{E3EDCD16-9DA7-4E03-B717-39E41060EC06}.Release|x86.Build.0 = Release|Win32
		{0F3E51B9-A751-40CF-AB8E-EF34E78FC443}.Debug|x64.ActiveCfg = Debug|x64
		{0F3E51B9-A751-40CF-AB8E-EF34E78FC443}.Debug|x64.Build.0 = Debug|x64
		{0F3E51B9-A751-40CF-AB8E-EF34E78FC443}.Debug|x86.ActiveCfg = Debug|Win32
		{0F3E51B9-A751-40CF-AB8E-EF34E78FC443}.Debug|x86.Build.0 = Debug|Win32
		{0F3E51B9-A751-40CF-AB8E-EF34E78FC443}.Release|x64.ActiveCfg = Release|x64
		{0F3E51B9-A751-40CF-AB8E-EF34E78FC443}.Release|x64.Build.0 = Release|x64
		{0F3E51B9-A751-40CF-AB8E-EF34E78FC443}.Release|x86.ActiveCfg = Release|Win32
		{0F3E51B9-A751-40CF-AB8E-EF34E78FC443}.Release|x86.Build.0 = Release|Win32
		{1CB4D488-2ABE-4043-961B-8BF3AAFD69E2}.Debug|x64.ActiveCfg = Debug|x64
		{1CB4D488-2ABE-4043-961B-8BF3AAFD69E2}.Debug|x64.Build.0 = Debug|x64
		{1CB4D488-2ABE-4043-961B-8BF3AAFD69E2}.Debug|x86.ActiveCfg = Debug|Win32
		{1CB4D488-2ABE-4043-961B-8BF3AAFD69E2}.Debug|x86.Build.0 = Debug|Win32
		{1CB4D488-2ABE-4043-961B-8BF3AAFD69E2}.Release|x64.ActiveCfg = Release|x64
		{1CB4D488-2ABE-4043-961B-8BF3AAFD69E2}.Release|x64.Build.0 = Release|x64
		{1CB4D488-2ABE-4043-961B-8BF3AAFD69E2}.Release|x86.ActiveCfg = Release|Win32
		{1CB4D488-2ABE-4043-961B-8BF3AAFD69E2}.Release|x86.Build.0 = Release|Win32
		{1604C764-0D20-4F18-81DF-ED989886F4B9}.Debug|x64.ActiveCfg = Debug|x64
		{1604C764-0D20-4F18-81DF-ED989886F4B9}.Debug|x64.Build.0 = Debug|x64
		{1604C764-0D20-4F18-81DF-ED989886F4B9}.Debug|x86.ActiveCfg = Debug|Win32
		{1604C764-0D20-4F18-81DF-ED989886F4B9}.Debug|x86.Build.0 = Debug|Win32
		{1604C764-0D20-4F18-81DF-ED989886F4B9}.Release|x64.ActiveCfg = Release|x64
		{1604C764-0D20-4F18-81DF-ED989886F4B9}.Release|x64.Build.0 = Release|x64
		{1604C764-0D20-4F18-81DF-ED989886F4B9}.Release|x86.ActiveCfg = Release|Win32
		{1604C764-0D20-4F18-81DF-ED989886F4B9}.Release|x86.Build.0 = Release|Win32
		{D11957FE-129B-4BE1-9F4E-E6F1A248D975}.Debug|x64.ActiveCfg = Debug|x64
		{D11957FE-129B-4BE1-9F4E-E6F1A248D975}.Debug|x64.Build.0 = Debug|x64
		{D11957FE-129B-4BE1-9F4E-E6F1A248D975}.Debug|x86.ActiveCfg = Debug|Win32
		{D11957FE-129B-4BE1-9F4E-E6F1A248D975}.Debug|x86.Build.0 = Debug|Win32
		{D11957FE-129B-4BE1-9F4E-E6F1A248D975}.Release|x64.ActiveCfg = Release|x64
		{D11957FE-129B-4BE1-9F4E-E6F1A248D975}.Release|x64.Build.0 = Release|x64
		{D11957FE-129B-4BE1-9F4E-E6F1A248D975}.Release|x86.ActiveCfg = Release|Win32
		{D11957FE-129B-4BE1-9F4E-E6F1A248D975}.Release|x86.Build.0 = Release|Win32
		{5996B248-DDDD-4971-9C0B-3A1EAF3BF231}.Debug|x64.ActiveCfg = Debug|x64
		{5996B248-DDDD-4971-9C0B-3A1EAF3BF231}.Debug|x64.Build.0 = Debug|x64
		{5996B248-DDDD-4971-9C0B-3A1EAF3BF231}.Debug|x86.ActiveCfg = Debug|Win32
		{5996B248-DDDD-4971-9C0B-3A1EAF3BF231}.Debug|x86.Build.0 = Debug|Win32
		{5996B248-DDDD-4971-9C0B-3A1EAF3BF231}.Release|x64.ActiveCfg = Release|x64
		{5996B248-DDDD-4971-9C0B-3A1EAF3BF231}.Release|x64.Build.0 = Release|x64
		{5996B248-DDDD-4971-9C0B-3A1EAF3BF231}.Release|x86.ActiveCfg = Release|Win32
		{5996B248-DDDD-4971-9C0B-3A1EAF3BF231}.Release|x86.Build.0 = Release|Win32
		{4195F616-7317-4062-8CAB-E270AA6DEEA9}.Debug|x64.ActiveCfg = Debug|x64
		{4195F616-7317-4062-8CAB-E270AA6DEEA9}.Debug|x64.Build.0 = Debug|x64
		{4195F616-7317-4062-8CAB-E270AA6DEEA9}.Debug|x86.ActiveCfg = Debug|Win32
		{4195F616-7317-4062-8CAB-E270AA6DEEA9}.Debug|x86.Build.0 = Debug|Win32
		{4195F616-7317-4062-8CAB-E270AA6DEEA9}.Release|x64.ActiveCfg = Release|x64
		{4195F616-7317-4062-8CAB-E270AA6DEEA9}.Release|x64.Build.0 = Release|x64
		{4195F616-7317-4062-8CAB-E270AA6DEEA9}.Release|x86.ActiveCfg = Release|Win32
		{4195F616-7317-4062-8CAB-E270AA6DEEA9}.Release|x86.Build.0 = Release|Win32
		{1CD40372-7075-4651-8B7F-89A6128A8CFE}.Debug|x64.ActiveCfg = Debug|x64
		{1CD40372-7075-4651-8B7F-89A6128A8CFE}.Debug|x64.Build.0 = Debug|x64
		{1CD40372-7075-4651-8B7F-89A6128A8CFE}.Debug|x86.ActiveCfg = Debug|Win32
		{1CD40372-7075-4651-8B7F-89A6128A8CFE}.Debug|x86.Build.0 = Debug|Win32
		{1CD40372-7075-4651-8B7F-89A6128A8CFE}.Release|x64.ActiveCfg = Release|x64
		{1CD40372-7075-4651-8B7F-89A6128A8CFE}.Release|x64.Build.0 = Release|x64
		{1CD40372-7075-4651-8B7F-89A6128A8CFE}.Release|x86.ActiveCfg = Release|Win32
		{1CD40372-7075-4651-8B7F-89A6128A8CFE}.Release|x86.Build.0 = Release|Win32
		{24FA546D-D1C8-42FA-BF24-46A9DBA08153}.Debug|x64.ActiveCfg = Debug|x64
		{24FA546D-D1C8-42FA-BF24-46A9DBA08153}.Debug|x64.Build.0 = Debug|x64
		{24FA546D-D1C8-42FA-BF24-46A9DBA08153}.Debug|x86.ActiveCfg = Debug|Win32
		{24FA546D-D1C8-42FA-BF24-46A9DBA08153}.Debug|x86.Build.0 = Debug|Win32
		{24FA546D-D1C8-42FA-BF24-46A9DBA08153}.Release|x64.ActiveCfg = Release|x64
		{24FA546D-D1C8-42FA-BF24-46A9DBA08153}.Release|x64.Build.0 = Release|x64
		{24FA546D-D1C8-42FA-BF24-46A9DBA08153}.Release|x86.ActiveCfg = Release|Win32
		{24FA546D-D1C8-42FA-BF24-46A9DBA08153}.Release|x86.Build.0 = Release|Win32
		{A4AE2BD0-195B-442A-A462-0A84CF0DE2E3}.Debug|x64.ActiveCfg = Debug|x64
		{A4AE2BD0-195B-442A-A462-0A84CF0DE2E3}.Debug|x64.Build.0 = Debug|x64
		{A4AE2BD0-195B-442A-A462-0A84CF0DE2E3}.Debug|x86.ActiveCfg = Debug|Win32
		{A4AE2BD0-195B-442A-A462-0A84CF0DE2E3}.Debug|x86.Build.0 = Debug|Win32
		{A4AE2BD0-195B-442A-A462-0A84CF0DE2E3}.Release|x64.ActiveCfg = Release|x64
		{A4AE2BD0-195B-442A-A462-0A84CF0DE2E3}.Release|x64.Build.0 = Release|x64
		{A4AE2BD0-195B-442A-A462-0A84CF0DE2E3}.Release|x86.ActiveCfg = Release|Win32
		{A4AE2BD0-195B-442A-A462-0A84CF0DE2E3}.Release|x86.Build.0 = Release|Win32
		{A6FE5B4F-AC5E-4CC8-A910-FBE85D60CBFF}.Debug|x64.ActiveCfg = Debug|x64
		{A6FE5B4F-AC5E-4CC8-A910-FBE85D60CBFF}.Debug|x64.Build.0 = Debug|x64
		{A6FE5B4F-AC5E-4CC8-A910-FBE85D60CBFF}.Debug|x86.ActiveCfg = Debug|Win32
		{A6FE5B4F-AC5E-4CC8-A910-FBE85D60CBFF}.Debug|x86.Build.0 = Debug|Win32
		{A6FE5B4F-AC5E-4CC8-A910-FBE85D60CBFF}.Release|x64.ActiveCfg = Release|x64
		{A6FE5B4F-AC5E-4CC8-A910-FBE85D60CBFF}.Release|x64.Build.0 = Release|x64
		{A6FE5B4F-AC5E-4CC8-A910-FBE85D60CBFF}.Release|x86.ActiveCfg = Release|Win32
		{A6FE5B4F-AC5E-4CC8-A910-FBE85D60CBFF}.Release|x86.Build.0 = Release|Win32
		{AC1D6392-FE98-4E21-B665-208A5AEE698E}.Debug|x64.ActiveCfg = Debug|x64
		{AC1D6392-FE98-4E21-B665-208A5AEE698E}.Debug|x64.Build.0 = Debug|x64
		{AC1D6392-FE98-4E21-B665-208A5AEE698E}.Debug|x86.ActiveCfg = Debug|Win32
		{AC1D6392-FE98-4E21-B665-208A5AEE698E}.Debug|x86.Build.0 = Debug|Win32
		{AC1D6392-FE98-4E21-B665-208A5AEE698E}.Release|x64.ActiveCfg = Release|x64
		{AC1D6392-FE98-4E21-B665-208A5AEE698E}.Release|x64.Build.0 = Release|x64
		{AC1D6392-FE98-4E21-B665-208A5AEE698E}.Release|x86.ActiveCfg = Release|Win32
		{AC1D6392-FE98-4E21-B665-208A5AEE698E}.Release|x86.Build.0 = Release|Win32
		{B9E0259A-23C7-46AE-9517-3516C4A7B8D6}.Debug|x64.ActiveCfg = Debug|x64
		{B9E0259A-23C7-46AE-9517-3516C4A7B8D6}.Debug|x64.Build.0 = Debug|x64
		{B9E0259A-23C7-46AE-9517-3516C4A7B8D6}.Debug|x86.ActiveCfg = Debug|Win32
		{B9E0259A-23C7-46AE-9517-3516C4A7B8D6}.Debug|x86.Build.0 = Debug|Win32
		{B9E0259A-23C7-46AE-9517-3516C4A7B8D6}.Release|x64.ActiveCfg = Release|x64
		{B9E0259A-23C7-46AE-9517-3516C4A7B8D6}.Release|x64.Build.0 = Release|x64
		{B9E0259A-23C7-46AE-9517-3516C4A7B8D6}.Release|x86.ActiveCfg = Release|Win32
		{B9E0259A-23C7-46AE-9517-3516C4A7B8D6}.Release|x86.Build.0 = Release|Win32
		{773EB864-2D64-4450-A1BC-07AA1095BE41}.Debug|x64.ActiveCfg = Debug|x64
		{773EB864-2D64-4450-A1BC-07AA1095BE41}.Debug|x64.Build.0 = Debug|x64
		{773EB864-2D64-4450-A1BC-07AA1095BE41}.Debug|x86.ActiveCfg = Debug|Win32
		{773EB864-2D64-4450-A1BC-07AA1095BE41}.Debug|x86.Build.0 = Debug|Win32
		{773EB864-2D64-4450-A1BC-07AA1095BE41}.Release|x64.ActiveCfg = Release|x64
		{773EB864-2D64-4450-A1BC-07AA1095BE41}.Release|x64.Build.0 = Release|x64
		{773EB864-2D64-4450-A1BC-07AA1095BE41}.Release|x86.ActiveCfg = Release|Win32
		{773EB864-2D64-4450-A1BC-07AA1095BE41}.Release|x86.Build.0 = Release|Win32
		{F1AEC2F8-3260-4429-9DDB-CA8A60FA59A3}.Debug|x64.ActiveCfg = Debug|x64
		{F1AEC2F8-3260-4429-9DDB-CA8A60FA59A3}.Debug|x64.Build.0 = Debug|x64
		{F1AEC2F8-3260-4429-9DDB-CA8A60FA59A3}.Debug|x86.ActiveCfg = Debug|Win32
		{F1AEC2F8-3260-4429-9DDB-CA8A60FA59A3}.Debug|x86.Build.0 = Debug|Win32
		{F1AEC2F8-3260-4429-9DDB-CA8A60FA59A3}.Release|x64.ActiveCfg = Release|x64
		{F1AEC2F8-3260-4429-9DDB-CA8A60FA59A3}.Release|x64.Build.0 = Release|x64
		{F1AEC2F8-3260-4429-9DDB-CA8A60FA59A3}.Release|x86.ActiveCfg = Release|Win32
		{F1AEC2F8-3260-4429-9DDB-CA8A60FA59A3}.Release|x86.Build.0 = Release|Win32
		{00E023EE-9DDC-42A4-9DC3-2401C58E9FE0}.Debug|x64.ActiveCfg = Debug|x64
		{00E023EE-9DDC-42A4-9DC3-2401C58E9FE0}.Debug|x64.Build.0 = Debug|x64
		{00E023EE-9DDC-42A4-9DC3-2401C58E9FE0}.Debug|x86.ActiveCfg = Debug|Win32
		{00E023EE-9DDC-42A4-9DC3-2401C58E9FE0}.Debug|x86.Build.0 = Debug|Win32
		{00E023EE-9DDC-42A4-9DC3-2401C58E9FE0}.Release|x64.ActiveCfg = Release|x64
		{00E023EE-9DDC-42A4-9DC3-2401C58E9FE0}.Release|x64.Build.0 = Release|x64
		{00E023EE-9DDC-42A4-9DC3-2401C58E9FE0}.Release|x86.ActiveCfg = Release|Win32
		{00E023EE-9DDC-42A4-9DC3-2401C58E9FE0}.Release|x86.Build.0 = Release|Win32
		{4522FC93-7BFC-4247-9435-63DA5731CF5B}.Debug|x64.ActiveCfg = Debug|x64
		{4522FC93-7BFC-4247-9435-63DA5731CF5B}.Debug|x64.Build.0 = Debug|x64
		{4522FC93-7BFC-4247-9435-63DA5731CF5B}.Debug|x86.ActiveCfg = Debug|Win32
		{4522FC93-7BFC-4247-9435-63DA5731CF5B}.Debug|x86.Build.0 = Debug|Win32
		{4522FC93-7BFC-4247-9435-63DA5731CF5B}.Release|x64.ActiveCfg = Release|x64
		{4522FC93-7BFC-4247-9435-63DA5731CF5B}.Release|x64.Build.0 = Release|x64
		{4522FC93-7BFC-4247-9435-63DA5731CF5B}.Release|x86.ActiveCfg = Release|Win32
		{4522FC93-7BFC-4247-9435-63DA5731CF5B}.Release|x86.Build.0 = Release|Win32
		{9E1D8767-E166-4932-9B78-A3D479EE16D3}.Debug|x64.ActiveCfg = Debug|x64
		{9E1D8767-E166-4932-9B78-A3D479EE16D3}.Debug|x64.Build.0 = Debug|x64
		{9E1D8767-E166-4932-9B78-A3D479EE16D3}.Debug|x86.ActiveCfg = Debug|Win32
		{9E1D8767-E166-4932-9B78-A3D479EE16D3}.Debug|x86.Build.0 = Debug|Win32
		{9E1D8767-E166-4932-9B78-A3D479EE16D3}.Release|x64.ActiveCfg = Release|x64
		{9E1D8767-E166-4932-9B78-A3D479EE16D3}.Release|x64.Build.0 = Release|x64
		{9E1D8767-E166-4932-9B78-A3D479EE16D3}.Release|x86.ActiveCfg = Release|Win32
		{9E1D8767-E166-4932-9B78-A3D479EE16D3}.Release|x86.Build.0 = Release|Win32
		{A6B429A0-9D9E-4E11-81CE-E6EF3FDA2DA8}.Debug|x64.ActiveCfg = Debug|x64
		{A6B429A0-9D9E-4E11-81CE-E6EF3FDA2DA8}.Debug|x64.Build.0 = Debug|x64
		{A6B429A0-9D9E-4E11-81CE-E6EF3FDA2DA8}.Debug|x86.ActiveCfg = Debug|Win32
		{A6B429A0-9D9E-4E11-81CE-E6EF3FDA2DA8}.Debug|x86.Build.0 = Debug|Win32
		{A6B429A0-9D9E-4E11-81CE-E6EF3FDA2DA8}.Release|x64.ActiveCfg = Release|x64
		{A6B429A0-9D9E-4E11-81CE-E6EF3FDA2DA8}.Release|x64.Build.0 = Release|x64
		{A6B429A0-9D9E-4E11-81CE-E6EF3FDA2DA8}.Release|x86.ActiveCfg = Release|Win32
		{A6B429A0-9D9E-4E11-81CE-E6EF3FDA2DA8}.Release|x86.Build.0 = Release|Win32
		{3F1366F1-8D14-478F-8034-70E704950485}.Debug|x64.ActiveCfg = Debug|x64
		{3F1366F1-8D14-478F-8034-70E704950485}.Debug|x64.Build.0 = Debug|x64
		{3F1366F1-8D14-478F-8034-70E704950485}.Debug|x86.ActiveCfg = Debug|Win32
		{3F1366F1-8D14-478F-8034-70E704950485}.Debug|x86.Build.0 = Debug|Win32
		{3F1366F1-8D14-478F-8034-70E704950485}.Release|x64.ActiveCfg = Release|x64
		{3F1366F1-8D14-478F-8034-70E704950485}.Release|x64.Build.0 = Release|x64
		{3F1366F1-8D14-478F-8034-70E704950485}.Release|x86.ActiveCfg = Release|Win32
		{3F1366F1-8D14-478F-8034-70E704950485}.Release|x86.Build.0 = Release|Win32
		{16A67DC0-0A58-46A4-BECA-D7BD0EED080B}.Debug|x64.ActiveCfg = Debug|x64
		{16A67DC0-0A58-46A4-BECA-D7BD0EED080B}.Debug|x64.Build.0 = Debug|x64
		{16A67DC0-0A58-46A4-BECA-D7BD0EED080B}.Debug|x86.ActiveCfg = Debug|Win32
		{16A67DC0-0A58-46A4-BECA-D7BD0EED080B}.Debug|x86.Build.0 = Debug|Win32
		{16A67DC0-0A58-46A4-BECA-D7BD0EED080B}.Release|x64.ActiveCfg = Release|x64
		{16A67DC0-0A58-46A4-BECA-D7BD0EED080B}.Release|x64.Build.0 = Release|x64
		{16A67DC0-0A58-46A4-BECA-D7BD0EED080B}.Release|x86.ActiveCfg = Release|Win32
		{16A67DC0-0A58-46A4-BECA-D7BD0EED080B}.Release|x86.Build.0 = Release|Win32
		{82E4392D-6B75-4F19-9B13-0755A26F9D1D}.Debug|x64.ActiveCfg = Debug|x64
		{82E4392D-6B75-4F19-9B13-0755A26F9D1D}.Debug|x64.Build.0 = Debug|x64
		{82E4392D-6B75-4F19-9B13-0755A26F9D1D}.Debug|x86.ActiveCfg = Debug|Win32
		{82E4392D-6B75-4F19-9B13-0755A26F9D1D}.Debug|x86.Build.0 = Debug|Win32
		{82E4392D-6B75-4F19-9B13-0755A26F9D1D}.Release|x64.ActiveCfg = Release|x64
		{82E4392D-6B75-4F19-9B13-0755A26F9D1D}.Release|x64.Build.0 = Release|x64
		{82E4392D-6B75-4F19-9B13-0755A26F9D1D}.Release|x86.ActiveCfg = Release|Win32
		{82E4392D-6B75-4F19-9B13-0755A26F9D1D}.Release|x86.Build.0 = Release|Win32
		{3A442606-9921-425E-A52A-A52C37DE8AFE}.Debug|x64.ActiveCfg = Debug|x64
		{3A442606-9921-425E-A52A-A52C37DE8AFE}.Debug|x64.Build.0 = Debug|x64
		{3A442606-9921-425E-A52A-A52C37DE8AFE}.Debug|x86.ActiveCfg = Debug|Win32
		{3A442606-9921-425E-A52A-A52C37DE8AFE}.Debug|x86.Build.0 = Debug|Win32
		{3A442606-9921-425E-A52A-A52C37DE8AFE}.Release|x64.ActiveCfg = Release|x64
		{3A442606-9921-425E-A52A-A52C37DE8AFE}.Release|x64.Build.0 = Release|x64
		{3A442606-9921-425E-A52A-A52C37DE8AFE}.Release|x86.ActiveCfg = Release|Win32
		{3A442606-9921-425E-A52A-A52C37DE8AFE}.Release|x86.Build.0 = Release|Win32
		{6FBF1625-F81E-40AE-8FC8-5F65FD331335}.Debug|x64.ActiveCfg = Debug|x64
		{6FBF1625-F81E-40AE-8FC8-5F65FD331335}.Debug|x64.Build.0 = Debug|x64
		{6FBF1625-F81E-40AE-8FC8-5F65FD331335}.Debug|x86.ActiveCfg = Debug|Win32
		{6FBF1625-F81E-40AE-8FC8-5F65FD331335}.Debug|x86.Build.0 = Debug|Win32
		{6FBF1625-F81E-40AE-8FC8-5F65FD331335}.Release|x64.ActiveCfg = Release|x64
		{6FBF1625-F81E-40AE-8FC8-5F65FD331335}.Release|x64.Build.0 = Release|x64
		{6FBF1625-F81E-40AE-8FC8-5F65FD331335}.Release|x86.ActiveCfg = Release|Win32
		{6FBF1625-F81E-40AE-8FC8-5F65FD331335}.Release|x86.Build.0 = Release|Win32
		{AC9B3811-ADEC-4955-9181-20828B05A7B1}.Debug|x64.ActiveCfg = Debug|x64
		{AC9B3811-ADEC-4955-9181-20828B05A7B1}.Debug|x64.Build.0 = Debug|x64
		{AC9B3811-ADEC-4955-9181-20828B05A7B1}.Debug|x86.ActiveCfg = Debug|Win32
		{AC9B3811-ADEC-4955-9181-20828B05A7B1}.Debug|x86.Build.0 = Debug|Win32
		{AC9B3811-ADEC-4955-9181-20828B05A7B1}.Release|x64.ActiveCfg = Release|x64
		{AC9B3811-ADEC-4955-9181-20828B05A7B1}.Release|x64.Build.0 = Release|x64
		{AC9B3811-ADEC-4955-9181-20828B05A7B1}.Release|x86.ActiveCfg = Release|Win32
		{AC9B3811-ADEC-4955-9181-20828B05A7B1}.Release|x86.Build.0 = Release|Win32
		{4F354885-144C-4040-97B8-9DF8BA1C0FC1}.Debug|x64.ActiveCfg = Debug|x64
		{4F354885-144C-4040-97B8-9DF8BA1C0FC1}.Debug|x64.Build.0 = Debug|x64
		{4F354885-144C-4040-97B8-9DF8BA1C0FC1}.Debug|x86.ActiveCfg = Debug|Win32
		{4F354885-144C-4040-97B8-9DF8BA1C0FC1}.Debug|x86.Build.0 = Debug|Win32
		{4F354885-144C-4040-97B8-9DF8BA1C0FC1}.Release|x64.ActiveCfg = Release|x64
		{4F354885-144C-4040-97B8-9DF8BA1C0FC1}.Release|x64.Build.0 = Release|x64
		{4F354885-144C-4040-97B8-9DF8BA1C0FC1}.Release|x86.ActiveCfg = Release|Win32
		{4F354885-144C-4040-97B8-9DF8BA1C0FC1}.Release|x86.Build.0 = Release|Win32
		{E0ED29EE-4F09-47E1-8569-51B08E0A269B}.Debug|x64.ActiveCfg = Debug|x64
		{E0ED29EE-4F09-47E1-8569-51B08E0A269B}.Debug|x64.Build.0 = Debug|x64
		{E0ED29EE-4F09-47E1-8569-51B08E0A269B}.Debug|x86.ActiveCfg = Debug|Win32
		{E0ED29EE-4F09-47E1-8569-51B08E0A269B}.Debug|x86.Build.0 = Debug|Win32
		{E0ED29EE-4F09-47E1-8569-51B08E0A269B}.Release|x64.ActiveCfg = Release|x64
		{E0ED29EE-4F09-47E1-8569-51B08E0A269B}.Release|x64.Build.0 = Release|x64
		{E0ED29EE-4F09-47E1-8569-51B08E0A269B}.Release|x86.ActiveCfg = Release|Win32
		{E0ED29EE-4F09-47E1-8569-51B08E0A269B}.Release|x86.Build.0 = Release|Win32
		{D5701E32-7A69-4824-820E-1961C7EA2084}.Debug|x64.ActiveCfg = Debug|x64
		{D5701E32-7A69-4824-820E-1961C7EA2084}.Debug|x64.Build.0 = Debug|x64
		{D5701E32-7A69-4824-820E-1961C7EA2084}.Debug|x86.ActiveCfg = Debug|Win32
		{D5701E32-7A69-4824-820E-1961C7EA2084}.Debug|x86.Build.0 = Debug|Win32
		{D5701E32-7A69-4824-820E-1961C7EA2084}.Release|x64.ActiveCfg = Release|x64
		{D5701E32-7A69-4824-820E-1961C7EA2084}.Release|x64.Build.0 = Release|x64
		{D5701E32-7A69-4824-820E-1961C7EA2084}.Release|x86.ActiveCfg = Release|Win32
		{D5701E32-7A69-4824-820E-1961C7EA2084}.Release|x86.Build.0 = Release|Win32
		{F0F62E46-76B4-450E-A95B-2B98000B0FEC}.Debug|x64.ActiveCfg = Debug|x64
		{F0F62E46-76B4-450E-A95B-2B98000B0FEC}.Debug|x64.Build.0 = Debug|x64
		{F0F62E46-76B4-450E-A95B-2B98000B0FEC}.Debug|x86.ActiveCfg = Debug|Win32
		{F0F62E46-76B4-450E-A95B-2B98000B0FEC}.Debug|x86.Build.0 = Debug|Win32
		{F0F62E46-76B4-450E-A95B-2B98000B0FEC}.Release|x64.ActiveCfg = Release|x64
		{F0F62E46-76B4-450E-A95B-2B98000B0FEC}.Release|x64.Build.0 = Release|x64
		{F0F62E46-76B4-450E-A95B-2B98000B0FEC}.Release|x86.ActiveCfg = Release|Win32
		{F0F62E46-76B4-450E-A95B-2B98000B0FEC}.Release|x86.Build.0 = Release|Win32
		{7AD6E2BB-4F5A-4FAD-BAA5-D009AFDFD184}.Debug|x64.ActiveCfg = Debug|x64
		{7AD6E2BB-4F5A-4FAD-BAA5-D009AFDFD184}.Debug|x64.Build.0 = Debug|x64
		{7AD6E2BB-4F5A-4FAD-BAA5-D009AFDFD184}.Debug|x86.ActiveCfg = Debug|Win32
		{7AD6E2BB-4F5A-4FAD-BAA5-D009AFDFD184}.Debug|x86.Build.0 = Debug|Win32
		{7AD6E2BB-4F5A-4FAD-BAA5-D009AFDFD184}.Release|x64.ActiveCfg = Release|x64
		{7AD6E2BB-4F5A-4FAD-BAA5-D009AFDFD184}.Release|x64.Build.0 = Release|x64
		{7AD6E2BB-4F5A-4FAD-BAA5-D009AFDFD184}.Release|x86.ActiveCfg = Release|Win32
		{7AD6E2BB-4F5A-4FAD-BAA5-D009AFDFD184}.Release|x86.Build.0 = Release|Win32
		{B4A57287-0FDF-4CDA-8AF0-9C4E78EC0E9B}.Debug|x64.ActiveCfg = Debug|x64
		{B4A57287-0FDF-4CDA-8AF0-9C4E78EC0E9B}.Debug|x64.Build.0 = Debug|x64
		{B4A57287-0FDF-4CDA-8AF0-9C4E78EC0E9B}.Debug|x86.ActiveCfg = Debug|Win32
		{B4A57287-0FDF-4CDA-8AF0-9C4E78EC0E9B}.Debug|x86.Build.0 = Debug|Win32
		{B4A57287-0FDF-4CDA-8AF0-9C4E78EC0E9B}.Release|x64.ActiveCfg = Release|x64
		{B4A57287-0FDF-4CDA-8AF0-9C4E78EC0E9B}.Release|x64.Build.0 = Release|x64
		{B4A57287-0FDF-4CDA-8AF0-9C4E78EC0E9B}.Release|x86.ActiveCfg = Release|Win32
		{B4A57287-0FDF-4CDA-8AF0-9C4E78EC0E9B}.Release|x86.Build.0 = Release|Win32
		{A08DF395-E720-47F0-9396-32C98BF217FD}.Debug|x64.ActiveCfg = Debug|x64
		{A08DF395-E720-47F0-9396-32C98BF217FD}.Debug|x64.Build.0 = Debug|x64
		{A08DF395-E720-47F0-9396-32C98BF217FD}.Debug|x86.ActiveCfg = Debug|Win32
		{A08DF395-E720-47F0-9396-32C98BF217FD}.Debug|x86.Build.0 = Debug|Win32
		{A08DF395-E720-47F0-9396-32C98BF217FD}.Release|x64.ActiveCfg = Release|x64
		{A08DF395-E720-47F0-9396-32C98BF217FD}.Release|x64.Build.0 = Release|x64
		{A08DF395-E720-47F0-9396-32C98BF217FD}.Release|x86.ActiveCfg = Release|Win32
		{A08DF395-E720-47F0-9396-32C98BF217FD}.Release|x86.Build.0 = Release|Win32
		{A56B6F21-5D80-4E53-BC31-6DAAABC25D57}.Debug|x64.ActiveCfg = Debug|x64
		{A56B6F21-5D80-4E53-BC31-6DAAABC25D57}.Debug|x64.Build.0 = Debug|x64
		{A56B6F21-5D80-4E53-BC31-6DAAABC25D57}.Debug|x86.ActiveCfg = Debug|Win32
		{A56B6F21-5D80-4E53-BC31-6DAAABC25D57}.Debug|x86.Build.0 = Debug|Win32
		{A56B6F21-5D80-4E53-BC31-6DAAABC25D57}.Release|x64.ActiveCfg = Release|x64
		{A56B6F21-5D80-4E53-BC31-6DAAABC25D57}.Release|x64.Build.0 = Release|x64
		{A56B6F21-5D80-4E53-BC31-6DAAABC25D57}.Release|x86.ActiveCfg = Release|Win32
		{A56B6F21-5D80-4E53-BC31-6DAAABC25D57}.Release|x86.Build.0 = Release|Win32
		{20B03651-775F-4AF1-A350-99CE0C03B0C4}.Debug|x64.ActiveCfg = Debug|x64
		{20B03651-775F-4AF1-A350-99CE0C03B0C4}.Debug|x64.Build.0 = Debug|x64
		{20B03651-775F-4AF1-A350-99CE0C03B0C4}.Debug|x86.ActiveCfg = Debug|Win32
		{20B03651-775F-4AF1-A350-99CE0C03B0C4}.Debug|x86.Build.0 = Debug|Win32
		{20B03651-775F-4AF1-A350-99CE0C03B0C4}.Release|x64.ActiveCfg = Release|x64
		{20B03651-775F-4AF1-A350-99CE0C03B0C4}.Release|x64.Build.0 = Release|x64
		{20B03651-775F-4AF1-A350-99CE0C03B0C4}.Release|x86.ActiveCfg = Release|Win32
		{20B03651-775F-4AF1-A350-99CE0C03B0C4}.Release|x86.Build.0 = Release|Win32
		{1B278052-913E-4FDE-BCA3-FD5254FF95AE}.Debug|x64.ActiveCfg = Debug|x64
		{1B278052-913E-4FDE-BCA3-FD5254FF95AE}.Debug|x64.Build.0 = Debug|x64
		{1B278052-913E-4FDE-BCA3-FD5254FF95AE}.Debug|x86.ActiveCfg = Debug|Win32
		{1B278052-913E-4FDE-BCA3-FD5254FF95AE}.Debug|x86.Build.0 = Debug|Win32
		{1B278052-913E-4FDE-BCA3-FD5254FF95AE}.Release|x64.ActiveCfg = Release|x64
		{1B278052-913E-4FDE-BCA3-FD5254FF95AE}.Release|x64.Build.0 = Release|x64
		{1B278052-913E-4FDE-BCA3-FD5254FF95AE}.Release|x86.ActiveCfg = Release|Win32
		{1B278052-913E-4FDE-BCA3-FD5254FF95AE}.Release|x86.Build.0 = Release|Win32
		{397BDF52-031E-4AD1-8FC1-D0C96CB5A52C}.Debug|x64.ActiveCfg = Debug|x64
		{397BDF52-031E-4AD1-8FC1-D0C96CB5A52C}.Debug|x64.Build.0 = Debug|x64
		{397BDF52-031E-4AD1-8FC1-D0C96CB5A52C}.Debug|x86.ActiveCfg = Debug|Win32
		{397BDF52-031E-4AD1-8FC1-D0C96CB5A52C}.Debug|x86.Build.0 = Debug|Win32
		{397BDF52-031E-4AD1-8FC1-D0C96CB5A52C}.Release|x64.ActiveCfg = Release|x64
		{397BDF52-031E-4AD1-8FC1-D0C96CB5A52C}.Release|x64.Build.0 = Release|x64
		{397BDF52-031E-4AD1-8FC1-D0C96CB5A52C}.Release|x86.ActiveCfg = Release|Win32
		{397BDF52-031E-4AD1-8FC1-D0C96CB5A52C}.Release|x86.Build.0 = Release|Win32
		{98C4D144-CD71-4800-8525-C23882164160}.Debug|x64.ActiveCfg = Debug|x64
		{98C4D144-CD71-4800-8525-C23882164160}.Debug|x64.Build.0 = Debug|x64
		{98C4D144-CD71-4800-8525-C23882164160}.Debug|x86.ActiveCfg = Debug|Win32
		{98C4D144-CD71-4800-8525-C23882164160}.Debug|x86.Build.0 = Debug|Win32
		{98C4D144-CD71-4800-8525-C23882164160}.Release|x64.ActiveCfg = Release|x64
		{98C4D144-CD71-4800-8525-C23882164160}.Release|x64.Build.0 = Release|x64
		{98C4D144-CD71-4800-8525-C23882164160}.Release|x86.ActiveCfg = Release|Win32
		{98C4D144-CD71-4800-8525-C23882164160}.Release|x86.Build.0 = Release|Win32
		{63511B33-CCF9-4D0D-AC4F-B514DBA840BE}.Debug|x64.ActiveCfg = Debug|x64
		{63511B33-CCF9-4D0D-AC4F-B514DBA840BE}.Debug|x64.Build.0 = Debug|x64
		{63511B33-CCF9-4D0D-AC4F-B514DBA840BE}.Debug|x86.ActiveCfg = Debug|Win32
		{63511B33-CCF9-4D0D-AC4F-B514DBA840BE}.Debug|x86.Build.0 = Debug|Win32
		{63511B33-CCF9-4D0D-AC4F-B514DBA840BE}.Release|x64.ActiveCfg = Release|x64
		{63511B33-CCF9-4D0D-AC4F-B514DBA840BE}.Release|x64.Build.0 = Release|x64
		{63511B33-CCF9-4D0D-AC4F-B514DBA840BE}.Release|x86.ActiveCfg = Release|Win32
		{63511B33-CCF9-4D0D-AC4F-B514DBA840BE}.Release|x86.Build.0 = Release|Win32
		{2B476C60-EC0C-45D2-AF97-8CBC3948BA30}.Debug|x64.ActiveCfg = Debug|x64
		{2B476C60-EC0C-45D2-AF97-8CBC3948BA30}.Debug|x64.Build.0 = Debug|x64
		{2B476C60-EC0C-45D2-AF97-8CBC3948BA30}.Debug|x86.ActiveCfg = Debug|Win32
		{2B476C60-EC0C-45D2-AF97-8CBC3948BA30}.Debug|x86.Build.0 = Debug|Win32
		{2B476C60-EC0C-45D2-AF97-8CBC3948BA30}.Release|x64.ActiveCfg = Release|x64
		{2B476C60-EC0C-45D2-AF97-8CBC3948BA30}.Release|x64.Build.0 = Release|x64
		{2B476C60-EC0C-45D2-AF97-8CBC3948BA30}.Release|x86.ActiveCfg = Release|Win32
		{2B476C60-EC0C-45D2-AF97-8CBC3948BA30}.Release|x86.Build.0 = Release|Win32
		{5EE1FA51-8DCB-46C9-A1A1-3244C33FAAC8}.Debug|x64.ActiveCfg = Debug|x64
		{5EE1FA51-8DCB-46C9-A1A1-3244C33FAAC8}.Debug|x64.Build.0 = Debug|x64
		{5EE1FA51-8DCB-46C9-A1A1-3244C33FAAC8}.Debug|x86.ActiveCfg = Debug|Win32
		{5EE1FA51-8DCB-46C9-A1A1-3244C33FAAC8}.Debug|x86.Build.0 = Debug|Win32
		{5EE1FA51-8DCB-46C9-A1A1-3244C33FAAC8}.Release|x64.ActiveCfg = Release|x64
		{5EE1FA51-8DCB-46C9-A1A1-3244C33FAAC8}.Release|x64.Build.0 = Release|x64
		{5EE1FA51-8DCB-46C9-A1A1-3244C33FAAC8}.Release|x86.ActiveCfg = Release|Win32
		{5EE1FA51-8DCB-46C9-A1A1-3244C33FAAC8}.Release|x86.Build.0 = Release|Win32
		{6D0828F1-175C-49E2-BD91-7A8BA7AB1F5E}.Debug|x64.ActiveCfg = Debug|x64
		{6D0828F1-175C-49E2-BD91-7A8BA7AB1F5E}.Debug|x64.Build.0 = Debug|x64
		{6D0828F1-175C-49E2-BD91-7A8BA7AB1F5E}.Debug|x86.ActiveCfg = Debug|Win32
		{6D0828F1-175C-49E2-BD91-7A8BA7AB1F5E}.Debug|x86.Build.0 = Debug|Win32
		{6D0828F1-175C-49E2-BD91-7A8BA7AB1F5E}.Release|x64.ActiveCfg = Release|x64
		{6D0828F1-175C-49E2-BD91-7A8BA7AB1F5E}.Release|x64.Build.0 = Release|x64
		{6D0828F1-175C-49E2-BD91-7A8BA7AB1F5E}.Release|x86.ActiveCfg = Release|Win32
		{6D0828F1-175C-49E2-BD91-7A8BA7AB1F5E}.Release|x86.Build.0 = Release|Win32
		{5365FBB8-8F9A-4404-8D50-6A167E43961F}.Debug|x64.ActiveCfg = Debug|x64
		{5365FBB8-8F9A-4404-8D50-6A167E43961F}.Debug|x64.Build.0 = Debug|x64
		{5365FBB8-8F9A-4404-8D50-6A167E43961F}.Debug|x86.ActiveCfg = Debug|Win32
		{5365FBB8-8F9A-4404-8D50-6A167E43961F}.Debug|x86.Build.0 = Debug|Win32
		{5365FBB8-8F9A-4404-8D50-6A167E43961F}.Release|x64.ActiveCfg = Release|x64
		{5365FBB8-8F9A-4404-8D50-6A167E43961F}.Release|x64.Build.0 = Release|x64
		{5365FBB8-8F9A-4404-8D50-6A167E43961F}.Release|x86.ActiveCfg = Release|Win32
		{5365FBB8-8F9A-4404-8D50-6A167E43961F}.Release|x86.Build.0 = Release|Win32
		{4035B64D-EAB7-438D-B92B-684DE911F90E}.Debug|x64.ActiveCfg = Debug|x64
		{4035B64D-EAB7-438D-B92B-684DE911F90E}.Debug|x64.Build.0 = Debug|x64
		{4035B64D-EAB7-438D-B92B-684DE911F90E}.Debug|x86.ActiveCfg = Debug|Win32
		{4035B64D-EAB7-438D-B92B-684DE911F90E}.Debug|x86.Build.0 = Debug|Win32
		{4035B64D-EAB7-438D-B92B-684DE911F90E}.Release|x64.ActiveCfg = Release|x64
		{4035B64D-EAB7-438D-B92B-684DE911F90E}.Release|x64.Build.0 = Release|x64
		{4035B64D-EAB7-438D-B92B-684DE911F90E}.Release|x86.ActiveCfg = Release|Win32
		{4035B64D-EAB7-438D-B92B-684DE911F90E}.Release|x86.Build.0 = Release|Win32
		{FE237A27-B7AB-400B-8180-4825275E0E5A}.Debug|x64.ActiveCfg = Debug|x64
		{FE237A27-B7AB-400B-8180-4825275E0E5A}.Debug|x64.Build.0 = Debug|x64
		{FE237A27-B7AB-400B-8180-4825275E0E5A}.Debug|x86.ActiveCfg = Debug|Win32
		{FE237A27-B7AB-400B-8180-4825275E0E5A}.Debug|x86.Build.0 = Debug|Win32
		{FE237A27-B7AB-400B-8180-4825275E0E5A}.Release|x64.ActiveCfg = Release|x64
		{FE237A27-B7AB-400B-8180-4825275E0E5A}.Release|x64.Build.0 = Release|x64
		{FE237A27-B7AB-400B-8180-4825275E0E5A}.Release|x86.ActiveCfg = Release|Win32
		{FE237A27-B7AB-400B-8180-4825275E0E5A}.Release|x86.Build.0 = Release|Win32
		{C1C8F6B4-8547-4688-85E1-473E4CE2FE80}.Debug|x64.ActiveCfg = Debug|x64
		{C1C8F6B4-8547-4688-85E1-473E4CE2FE80}.Debug|x64.Build.0 = Debug|x64
		{C1C8F6B4-8547-4688-85E1-473E4CE2FE80}.Debug|x86.ActiveCfg = Debug|Win32
		{C1C8F6B4-8547-4688-85E1-473E4CE2FE80}.Debug|x86.Build.0 = Debug|Win32
		{C1C8F6B4-8547-4688-85E1-473E4CE2FE80}.Release|x64.ActiveCfg = Release|x64
		{C1C8F6B4-8547-4688-85E1-473E4CE2FE80}.Release|x64.Build.0 = Release|x64
		{C1C8F6B4-8547-4688-85E1-473E4CE2FE80}.Release|x86.ActiveCfg = Release|Win32
		{C1C8F6B4-8547-4688-85E1-473E4CE2FE80}.Release|x86.Build.0 = Release|Win32
		{9AEE0F6D-F10F-4B9E-8046-53BA775DE4AB}.Debug|x64.ActiveCfg = Debug|x64
		{9AEE0F6D-F10F-4B9E-8046-53BA775DE4AB}.Debug|x64.Build.0 = Debug|x64
		{9AEE0F6D-F10F-4B9E-8046-53BA775DE4AB}.Debug|x86.ActiveCfg = Debug|Win32
		{9AEE0F6D-F10F-4B9E-8046-53BA775DE4AB}.Debug|x86.Build.0 = Debug|Win32
		{9AEE0F6D-F10F-4B9E-8046-53BA775DE4AB}.Release|x64.ActiveCfg = Release|x64
		{9AEE0F6D-F10F-4B9E-8046-53BA775DE4AB}.Release|x64.Build.0 = Release|x64
		{9AEE0F6D-F10F-4B9E-8046-53BA775DE4AB}.Release|x86.ActiveCfg = Release|Win32
		{9AEE0F6D-F10F-4B9E-8046-53BA775DE4AB}.Release|x86.Build.0 = Release|Win32
		{E3C9B8EE-040F-4849-B54D-3E5679F59A4A}.Debug|x64.ActiveCfg = Debug|x64
		{E3C9B8EE-040F-4849-B54D-3E5679F59A4A}.Debug|x64.Build.0 = Debug|x64
		{E3C9B8EE-040F-4849-B54D-3E5679F59A4A}.Debug|x86.ActiveCfg = Debug|Win32
		{E3C9B8EE-040F-4849-B54D-3E5679F59A4A}.Debug|x86.Build.0 = Debug|Win32
		{E3C9B8EE-040F-4849-B54D-3E5679F59A4A}.Release|x64.ActiveCfg = Release|x64
		{E3C9B8EE-040F-4849-B54D-3E5679F59A4A}.Release|x64.Build.0 = Release|x64
		{E3C9B8EE-040F-4849-B54D-3E5679F59A4A}.Release|x86.ActiveCfg = Release|Win32
		{E3C9B8EE-040F-4849-B54D-3E5679F59A4A}.Release|x86.Build.0 = Release|Win32
		{A8642226-6B38-4C42-AF07-E39F68DA9ABA}.Debug|x64.ActiveCfg = Debug|x64
		{A8642226-6B38-4C42-AF07-E39F68DA9ABA}.Debug|x64.Build.0 = Debug|x64
		{A8642226-6B38-4C42-AF07-E39F68DA9ABA}.Debug|x86.ActiveCfg = Debug|Win32
		{A8642226-6B38-4C42-AF07-E39F68DA9ABA}.Debug|x86.Build.0 = Debug|Win32
		{A8642226-6B38-4C42-AF07-E39F68DA9ABA}.Release|x64.ActiveCfg = Release|x64
		{A8642226-6B38-4C42-AF07-E39F68DA9ABA}.Release|x64.Build.0 = Release|x64
		{A8642226-6B38-4C42-AF07-E39F68DA9ABA}.Release|x86.ActiveCfg = Release|Win32
		{A8642226-6B38-4C42-AF07-E39F68DA9ABA}.Release|x86.Build.0 = Release|Win32
		{9ABF5C46-C024-44B3-9290-D050217F2B03}.Debug|x64.ActiveCfg = Debug|x64
		{9ABF5C46-C024-44B3-9290-D050217F2B03}.Debug|x64.Build.0 = Debug|x64
		{9ABF5C46-C024-44B3-9290-D050217F2B03}.Debug|x86.ActiveCfg = Debug|Win32
		{9ABF5C46-C024-44B3-9290-D050217F2B03}.Debug|x86.Build.0 = Debug|Win32
		{9ABF5C46-C024-44B3-9290-D050217F2B03}.Release|x64.ActiveCfg = Release|x64
		{9ABF5C46-C024-44B3-9290-D050217F2B03}.Release|x64.Build.0 = Release|x64
		{9ABF5C46-C024-44B3-9290-D050217F2B03}.Release|x86.ActiveCfg = Release|Win32
		{9ABF5C46-C024-44B3-9290-D050217F2B03}.Release|x86.Build.0 = Release|Win32
		{AF57E09A-0424-48E4-AFC6-06F2C8D09977}.Debug|x64.ActiveCfg = Debug|x64
		{AF57E09A-0424-48E4-AFC6-06F2C8D09977}.Debug|x64.Build.0 = Debug|x64
		{AF57E09A-0424-48E4-AFC6-06F2C8D09977}.Debug|x86.ActiveCfg = Debug|Win32
		{AF57E09A-0424-48E4-AFC6-06F2C8D09977}.Debug|x86.Build.0 = Debug|Win32
		{AF57E09A-0424-48E4-AFC6-06F2C8D09977}.Release|x64.ActiveCfg = Release|x64
		{AF57E09A-0424-48E4-AFC6-06F2C8D09977}.Release|x64.Build.0 = Release|x64
		{AF57E09A-0424-48E4-AFC6-06F2C8D09977}.Release|x86.ActiveCfg = Release|Win32
		{AF57E09A-0424-48E4-AFC6-06F2C8D09977}.Release|x86.Build.0 = Release|Win32
		{99B27183-3A74-4C4A-B077-45F5514EE801}.Debug|x64.ActiveCfg = Debug|x64
		{99B27183-3A74-4C4A-B077-45F5514EE801}.Debug|x64.Build.0 = Debug|x64
		{99B27183-3A74-4C4A-B077-45F5514EE801}.Debug|x86.ActiveCfg = Debug|Win32
		{99B27183-3A74-4C4A-B077-45F5514EE801}.Debug|x86.Build.0 = Debug|Win32
		{99B27183-3A74-4C4A-B077-45F5514EE801}.Release|x64.ActiveCfg = Release|x64
		{99B27183-3A74-4C4A-B077-45F5514EE801}.Release|x64.Build.0 = Release|x64
		{99B27183-3A74-4C4A-B077-45F5514EE801}.Release|x86.ActiveCfg = Release|Win32
		{99B27183-3A74-4C4A-B077-45F5514EE801}.Release|x86.Build.0 = Release|Win32
		{CA9D1DD2-132E-430D-9B74-B2052856638C}.Debug|x64.ActiveCfg = Debug|x64
		{CA9D1DD2-132E-430D-9B74-B2052856638C}.Debug|x64.Build.0 = Debug|x64
		{CA9D1DD2-132E-430D-9B74-B2052856638C}.Debug|x86.ActiveCfg = Debug|Win32
		{CA9D1DD2-132E-430D-9B74-B2052856638C}.Debug|x86.Build.0 = Debug|Win32
		{CA9D1DD2-132E-430D-9B74-B2052856638C}.Release|x64.ActiveCfg = Release|x64
		{CA9D1DD2-132E-430D-9B74-B2052856638C}.Release|x64.Build.0 = Release|x64
		{CA9D1DD2-132E-430D-9B74-B2052856638C}.Release|x86.ActiveCfg = Release|Win32
		{CA9D1DD2-132E-430D-9B74-B2052856638C}.Release|x86.Build.0 = Release|Win32
		{417AA62D-A18A-4A5A-9583-6678D4C9E199}.Debug|x64.ActiveCfg = Debug|x64
		{417AA62D-A18A-4A5A-9583-6678D4C9E199}.Debug|x64.Build.0 = Debug|x64
		{417AA62D-A18A-4A5A-9583-6678D4C9E199}.Debug|x86.ActiveCfg = Debug|Win32
		{417AA62D-A18A-4A5A-9583-6678D4C9E199}.Debug|x86.Build.0 = Debug|Win32
		{417AA62D-A18A-4A5A-9583-6678D4C9E199}.Release|x64.ActiveCfg = Release|x64
		{417AA62D-A18A-4A5A-9583-6678D4C9E199}.Release|x64.Build.0 = Release|x64
		{417AA62D-A18A-4A5A-9583-6678D4C9E199}.Release|x86.ActiveCfg = Release|Win32
		{417AA62D-A18A-4A5A-9583-6678D4C9E199}.Release|x86.Build.0 = Release|Win32
		{A07F6D04-6D6F-48D9-8FB7-351C799572C3}.Debug|x64.ActiveCfg = Debug|x64
		{A07F6D04-6D6F-48D9-8FB7-351C799572C3}.Debug|x64.Build.0 = Debug|x64
		{A07F6D04-6D6F-48D9-8FB7-351C799572C3}.Debug|x86.ActiveCfg = Debug|Win32
		{A07F6D04-6D6F-48D9-8FB7-351C799572C3}.Debug|x86.Build.0 = Debug|Win32
		{A07F6D04-6D6F-48D9-8FB7-351C799572C3}.Release|x64.ActiveCfg = Release|x64
		{A07F6D04-6D6F-48D9-8FB7-351C799572C3}.Release|x64.Build.0 = Release|x64
		{A07F6D04-6D6F-48D9-8FB7-351C799572C3}.Release|x86.ActiveCfg = Release|Win32
		{A07F6D04-6D6F-48D9-8FB7-351C799572C3}.Release|x86.Build.0 = Release|Win32
		{B5B4E705-468C-45F5-B102-549DF4AF714C}.Debug|x64.ActiveCfg = Debug|x64
		{B5B4E705-468C-45F5-B102-549DF4AF714C}.Debug|x64.Build.0 = Debug|x64
		{B5B4E705-468C-45F5-B102-549DF4AF714C}.Debug|x86.ActiveCfg = Debug|Win32
		{B5B4E705-468C-45F5-B102-549DF4AF714C}.Debug|x86.Build.0 = Debug|Win32
		{B5B4E705-468C-45F5-B102-549DF4AF714C}.Release|x64.ActiveCfg = Release|x64
		{B5B4E705-468C-45F5-B102-549DF4AF714C}.Release|x64.Build.0 = Release|x64
		{B5B4E705-468C-45F5-B102-549DF4AF714C}.Release|x86.ActiveCfg = Release|Win32
		{B5B4E705-468C-45F5-B102-549DF4AF714C}.Release|x86.Build.0 = Release|Win32
		{449C2F7B-79FD-40F3-9355-BED60B94A0E8}.Debug|x64.ActiveCfg = Debug|x64
		{449C2F7B-79FD-40F3-9355-BED60B94A0E8}.Debug|x64.Build.0 = Debug|x64
		{449C2F7B-79FD-40F3-9355-BED60B94A0E8}.Debug|x86.ActiveCfg = Debug|Win32
		{449C2F7B-79FD-40F3-9355-BED60B94A0E8}.Debug|x86.Build.0 = Debug|Win32
		{449C2F7B-79FD-40F3-9355-BED60B94A0E8}.Release|x64.ActiveCfg = Release|x64
		{449C2F7B-79FD-40F3-9355-BED60B94A0E8}.Release|x64.Build.0 = Release|x64
		{449C2F7B-79FD-40F3-9355-BED60B94A0E8}.Release|x86.ActiveCfg = Release|Win32
		{449C2F7B-79FD-40F3-9355-BED60B94A0E8}.Release|x86.Build.0 = Release|Win32
		{30C6035C-74CD-4AC3-8632-8A1B4CCCA37A}.Debug|x64.ActiveCfg = Debug|x64
		{30C6035C-74CD-4AC3-8632-8A1B4CCCA37A}.Debug|x64.Build.0 = Debug|x64
		{30C6035C-74CD-4AC3-8632-8A1B4CCCA37A}.Debug|x86.ActiveCfg = Debug|Win32
		{30C6035C-74CD-4AC3-8632-8A1B4CCCA37A}.Debug|x86.Build.0 = Debug|Win32
		{30C6035C-74CD-4AC3-8632-8A1B4CCCA37A}.Release|x64.ActiveCfg = Release|x64
		{30C6035C-74CD-4AC3-8632-8A1B4CCCA37A}.Release|x64.Build.0 = Release|x64
		{30C6035C-74CD-4AC3-8632-8A1B4CCCA37A}.Release|x86.ActiveCfg = Release|Win32
		{30C6035C-74CD-4AC3-8632-8A1B4CCCA37A}.Release|x86.Build.0 = Release|Win32
		{382F929D-5E1E-4713-A925-D439EEFBACD5}.Debug|x64.ActiveCfg = Debug|x64
		{382F929D-5E1E-4713-A925-D439EEFBACD5}.Debug|x64.Build.0 = Debug|x64
		{382F929D-5E1E-4713-A925-D439EEFBACD5}.Debug|x86.ActiveCfg = Debug|Win32
		{382F929D-5E1E-4713-A925-D439EEFBACD5}.Debug|x86.Build.0 = Debug|Win32
		{382F929D-5E1E-4713-A925-D439EEFBACD5}.Release|x64.ActiveCfg = Release|x64
		{382F929D-5E1E-4713-A925-D439EEFBACD5}.Release|x64.Build.0 = Release|x64
		{382F929D-5E1E-4713-A925-D439EEFBACD5}.Release|x86.ActiveCfg = Release|Win32
		{382F929D-5E1E-4713-A925-D439EEFBACD5}.Release|x86.Build.0 = Release|Win32
		{C5F3FCBD-81F8-4F2F-86B2-B15D9EF8E866}.Debug|x64.ActiveCfg = Debug|x64
		{C5F3FCBD-81F8-4F2F-86B2-B15D9EF8E866}.Debug|x64.Build.0 = Debug|x64
		{C5F3FCBD-81F8-4F2F-86B2-B15D9EF8E866}.Debug|x86.ActiveCfg = Debug|Win32
		{C5F3FCBD-81F8-4F2F-86B2-B15D9EF8E866}.Debug|x86.Build.0 = Debug|Win32
		{C5F3FCBD-81F8-4F2F-86B2-B15D9EF8E866}.Release|x64.ActiveCfg = Release|x64
		{C5F3FCBD-81F8-4F2F-86B2-B15D9EF8E866}.Release|x64.Build.0 = Release|x64
		{C5F3FCBD-81F8-4F2F-86B2-B15D9EF8E866}.Release|x86.ActiveCfg = Release|Win32
		{C5F3FCBD-81F8-4F2F-86B2-B15D9EF8E866}.Release|x86.Build.0 = Release|Win32
		{D4D278EA-8337-40D6-857A-6420DB415FCE}.Debug|x64.ActiveCfg = Debug|x64
		{D4D278EA-8337-40D6-857A-6420DB415FCE}.Debug|x64.Build.0 = Debug|x64
		{D4D278EA-8337-40D6-857A-6420DB415FCE}.Debug|x86.ActiveCfg = Debug|Win32
		{D4D278EA-8337-40D6-857A-6420DB415FCE}.Debug|x86.Build.0 = Debug|Win32
		{D4D278EA-8337-40D6-857A-6420DB415FCE}.Release|x64.ActiveCfg = Release|x64
		{D4D278EA-8337-40D6-857A-6420DB415FCE}.Release|x64.Build.0 = Release|x64
		{D4D278EA-8337-40D6-857A-6420DB415FCE}.Release|x86.ActiveCfg = Release|Win32
		{D4D278EA-8337-40D6-857A-6420DB415FCE}.Release|x86.Build.0 = Release|Win32
		{15B79066-38E5-458B-AA69-DD6CEC0C95FE}.Debug|x64.ActiveCfg = Debug|x64
		{15B79066-38E5-458B-AA69-DD6CEC0C95FE}.Debug|x64.Build.0 = Debug|x64
		{15B79066-38E5-458B-AA69-DD6CEC0C95FE}.Debug|x86.ActiveCfg = Debug|Win32
		{15B79066-38E5-458B-AA69-DD6CEC0C95FE}.Debug|x86.Build.0 = Debug|Win32
		{15B79066-38E5-458B-AA69-DD6CEC0C95FE}.Release|x64.ActiveCfg = Release|x64
		{15B79066-38E5-458B-AA69-DD6CEC0C95FE}.Release|x64.Build.0 = Release|x64
		{15B79066-38E5-458B-AA69-DD6CEC0C95FE}.Release|x86.ActiveCfg = Release|Win32
		{15B79066-38E5-458B-AA69-DD6CEC0C95FE}.Release|x86.Build.0 = Release|Win32
		{BFCC8D2D-99B3-40E1-9FD6-5B882D3E07C0}.Debug|x64.ActiveCfg = Debug|x64
		{BFCC8D2D-99B3-40E1-9FD6-5B882D3E07C0}.Debug|x64.Build.0 = Debug|x64
		{BFCC8D2D-99B3-40E1-9FD6-5B882D3E07C0}.Debug|x86.ActiveCfg = Debug|Win32
		{BFCC8D2D-99B3-40E1-9FD6-5B882D3E07C0}.Debug|x86.Build.0 = Debug|Win32
		{BFCC8D2D-99B3-40E1-9FD6-5B882D3E07C0}.Release|x64.ActiveCfg = Release|x64
		{BFCC8D2D-99B3-40E1-9FD6-5B882D3E07C0}.Release|x64.Build.0 = Release|x64
		{BFCC8D2D-99B3-40E1-9FD6-5B882D3E07C0}.Release|x86.ActiveCfg = Release|Win32
		{BFCC8D2D-99B3-40E1-9FD6-5B882D3E07C0}.Release|x86.Build.0 = Release|Win32
		{A478E2F0-2E29-485F-B32D-98D17786F4F5}.Debug|x64.ActiveCfg = Debug|x64
		{A478E2F0-2E29-485F-B32D-98D17786F4F5}.Debug|x64.Build.0 = Debug|x64
		{A478E2F0-2E29-485F-B32D-98D17786F4F5}.Debug|x86.ActiveCfg = Debug|Win32
		{A478E2F0-2E29-485F-B32D-98D17786F4F5}.Debug|x86.Build.0 = Debug|Win32
		{A478E2F0-2E29-485F-B32D-98D17786F4F5}.Release|x64.ActiveCfg = Release|x64
		{A478E2F0-2E29-485F-B32D-98D17786F4F5}.Release|x64.Build.0 = Release|x64
		{A478E2F0-2E29-485F-B32D-98D17786F4F5}.Release|x86.ActiveCfg = Release|Win32
		{A478E2F0-2E29-485F-B32D-98D17786F4F5}.Release|x86.Build.0 = Release|Win32
		{85ABF98C-F12B-43CE-9732-449A6F111BA2}.Debug|x64.ActiveCfg = Debug|x64
		{85ABF98C-F12B-43CE-9732-449A6F111BA2}.Debug|x64.Build.0 = Debug|x64
		{85ABF98C-F12B-43CE-9732-449A6F111BA2}.Debug|x86.ActiveCfg = Debug|Win32
		{85ABF98C-F12B-43CE-9732-449A6F111BA2}.Debug|x86.Build.0 = Debug|Win32
		{85ABF98C-F12B-43CE-9732-449A6F111BA2}.Release|x64.ActiveCfg = Release|x64
		{85ABF98C-F12B-43CE-9732-449A6F111BA2}.Release|x64.Build.0 = Release|x64
		{85ABF98C-F12B-43CE-9732-449A6F111BA2}.Release|x86.ActiveCfg = Release|Win32
		{85ABF98C-F12B-43CE-9732-449A6F111BA2}.Release|x86.Build.0 = Release|Win32
		{6048D7D8-C854-4696-A8B9-FCC16A45509F}.Debug|x64.ActiveCfg = Debug|x64
		{6048D7D8-C854-4696-A8B9-FCC16A45509F}.Debug|x64.Build.0 = Debug|x64
		{6048D7D8-C854-4696-A8B9-FCC16A45509F}.Debug|x86.ActiveCfg = Debug|Win32
		{6048D7D8-C854-4696-A8B9-FCC16A45509F}.Debug|x86.Build.0 = Debug|Win32
		{6048D7D8-C854-4696-A8B9-FCC16A45509F}.Release|x64.ActiveCfg = Release|x64
		{6048D7D8-C854-4696-A8B9-FCC16A45509F}.Release|x64.Build.0 = Release|x64
		{6048D7D8-C854-4696-A8B9-FCC16A45509F}.Release|x86.ActiveCfg = Release|Win32
		{6048D7D8-C854-4696-A8B9-FCC16A45509F}.Release|x86.Build.0 = Release|Win32
		{4519D4AF-4C5E-44D7-A904-55EDF0464E38}.Debug|x64.ActiveCfg = Debug|x64
		{4519D4AF-4C5E-44D7-A904-55EDF0464E38}.Debug|x64.Build.0 = Debug|x64
		{4519D4AF-4C5E-44D7-A904-55EDF0464E38}.Debug|x86.ActiveCfg = Debug|Win32
		{4519D4AF-4C5E-44D7-A904-55EDF0464E38}.Debug|x86.Build.0 = Debug|Win32
		{4519D4AF-4C5E-44D7-A904-55EDF0464E38}.Release|x64.ActiveCfg = Release|x64
		{4519D4AF-4C5E-44D7-A904-55EDF0464E38}.Release|x64.Build.0 = Release|x64
		{4519D4AF-4C5E-44D7-A904-55EDF0464E38}.Release|x86.ActiveCfg = Release|Win32
		{4519D4AF-4C5E-44D7-A904-55EDF0464E38}.Release|x86.Build.0 = Release|Win32
		{70755FCB-F7DE-4841-976D-1C68039F1759}.Debug|x64.ActiveCfg = Debug|x64
		{70755FCB-F7DE-4841-976D-1C68039F1759}.Debug|x64.Build.0 = Debug|x64
		{70755FCB-F7DE-4841-976D-1C68039F1759}.Debug|x86.ActiveCfg = Debug|Win32
		{70755FCB-F7DE-4841-976D-1C68039F1759}.Debug|x86.Build.0 = Debug|Win32
		{70755FCB-F7DE-4841-976D-1C68039F1759}.Release|x64.ActiveCfg = Release|x64
		{70755FCB-F7DE-4841-976D-1C68039F1759}.Release|x64.Build.0 = Release|x64
		{70755FCB-F7DE-4841-976D-1C68039F1759}.Release|x86.ActiveCfg = Release|Win32
		{70755FCB-F7DE-4841-976D-1C68039F1759}.Release|x86.Build.0 = Release|Win32
	EndGlobalSection
	GlobalSection(SolutionProperties) = preSolution
		HideSolutionNode = FALSE
	EndGlobalSection
	GlobalSection(ExtensibilityGlobals) = postSolution
		SolutionGuid = {84F2B8B9-8D3E-469C-8251-3F8EB765770C}
	EndGlobalSection
EndGlobal
