
Microsoft Visual Studio Solution File, Format Version 12.00
# Visual Studio Version 16
VisualStudioVersion = 16.0.30523.141
MinimumVisualStudioVersion = 10.0.40219.1
Project("{8BC9CEB8-8B4A-11D0-8D11-00A0C91BC942}") = "chapter8_1", "chapter8_1\chapter8_1.vcxproj", "{FB5A5707-0CD8-4103-BE53-25C5C977F24B}"
EndProject
Project("{8BC9CEB8-8B4A-11D0-8D11-00A0C91BC942}") = "chapter8_2", "chapter8_2\chapter8_2.vcxproj", "{0364EC78-4B7C-4C08-9051-840D17333861}"
EndProject
Project("{8BC9CEB8-8B4A-11D0-8D11-00A0C91BC942}") = "chapter8_3", "chapter8_3\chapter8_3.vcxproj", "{1773719B-274E-44F4-BAF1-85D2E44AA91B}"
EndProject
Project("{8BC9CEB8-8B4A-11D0-8D11-00A0C91BC942}") = "chapter8_4", "chapter8_4\chapter8_4.vcxproj", "{D075711E-7FB8-4A21-879B-63C453EEB1A3}"
EndProject
Project("{8BC9CEB8-8B4A-11D0-8D11-00A0C91BC942}") = "chapter8_5", "chapter8_5\chapter8_5.vcxproj", "{5A12D01E-74D0-437A-966D-56C4A620D361}"
EndProject
Project("{8BC9CEB8-8B4A-11D0-8D11-00A0C91BC942}") = "chapter8_6", "chapter8_6\chapter8_6.vcxproj", "{2BA7D19B-3257-477C-B286-F26982A1771D}"
EndProject
Project("{8BC9CEB8-8B4A-11D0-8D11-00A0C91BC942}") = "chapter8_7", "chapter8_7\chapter8_7.vcxproj", "{E213827E-5D57-4032-98A8-94C42AE1A4D9}"
EndProject
Project("{8BC9CEB8-8B4A-11D0-8D11-00A0C91BC942}") = "chapter8_8", "chapter8_8\chapter8_8.vcxproj", "{71A6A5E0-0C33-4969-8E64-F47E655989DC}"
EndProject
Project("{8BC9CEB8-8B4A-11D0-8D11-00A0C91BC942}") = "chapter8_9", "chapter8_9\chapter8_9.vcxproj", "{DC060528-050B-40B0-BDA8-117AA1CC14C0}"
EndProject
Project("{8BC9CEB8-8B4A-11D0-8D11-00A0C91BC942}") = "chapter8_10", "chapter8_10\chapter8_10.vcxproj", "{38EDB59D-5B14-447E-BC01-859FBC446789}"
EndProject
Project("{8BC9CEB8-8B4A-11D0-8D11-00A0C91BC942}") = "chapter8_11", "chapter8_11\chapter8_11.vcxproj", "{22632480-8349-4266-8B69-B0F819892428}"
EndProject
Project("{8BC9CEB8-8B4A-11D0-8D11-00A0C91BC942}") = "chapter8_12", "chapter8_12\chapter8_12.vcxproj", "{FDB4469E-8B78-49AD-99BF-DB6453FF8324}"
EndProject
Project("{8BC9CEB8-8B4A-11D0-8D11-00A0C91BC942}") = "chapter8_13", "chapter8_13\chapter8_13.vcxproj", "{9E3E2086-D935-4FCE-85CF-C5D85F2674D1}"
EndProject
Project("{8BC9CEB8-8B4A-11D0-8D11-00A0C91BC942}") = "chapter8_14", "chapter8_14\chapter8_14.vcxproj", "{3CD540AD-9195-422E-957C-0CEA13F01DAF}"
EndProject
Project("{8BC9CEB8-8B4A-11D0-8D11-00A0C91BC942}") = "chapter8_15", "chapter8_15\chapter8_15.vcxproj", "{03B72F22-7090-4DAB-8974-F39D3131700D}"
EndProject
Global
	GlobalSection(SolutionConfigurationPlatforms) = preSolution
		Debug|x64 = Debug|x64
		Debug|x86 = Debug|x86
		Release|x64 = Release|x64
		Release|x86 = Release|x86
	EndGlobalSection
	GlobalSection(ProjectConfigurationPlatforms) = postSolution
		{FB5A5707-0CD8-4103-BE53-25C5C977F24B}.Debug|x64.ActiveCfg = Debug|x64
		{FB5A5707-0CD8-4103-BE53-25C5C977F24B}.Debug|x64.Build.0 = Debug|x64
		{FB5A5707-0CD8-4103-BE53-25C5C977F24B}.Debug|x86.ActiveCfg = Debug|Win32
		{FB5A5707-0CD8-4103-BE53-25C5C977F24B}.Debug|x86.Build.0 = Debug|Win32
		{FB5A5707-0CD8-4103-BE53-25C5C977F24B}.Release|x64.ActiveCfg = Release|x64
		{FB5A5707-0CD8-4103-BE53-25C5C977F24B}.Release|x64.Build.0 = Release|x64
		{FB5A5707-0CD8-4103-BE53-25C5C977F24B}.Release|x86.ActiveCfg = Release|Win32
		{FB5A5707-0CD8-4103-BE53-25C5C977F24B}.Release|x86.Build.0 = Release|Win32
		{0364EC78-4B7C-4C08-9051-840D17333861}.Debug|x64.ActiveCfg = Debug|x64
		{0364EC78-4B7C-4C08-9051-840D17333861}.Debug|x64.Build.0 = Debug|x64
		{0364EC78-4B7C-4C08-9051-840D17333861}.Debug|x86.ActiveCfg = Debug|Win32
		{0364EC78-4B7C-4C08-9051-840D17333861}.Debug|x86.Build.0 = Debug|Win32
		{0364EC78-4B7C-4C08-9051-840D17333861}.Release|x64.ActiveCfg = Release|x64
		{0364EC78-4B7C-4C08-9051-840D17333861}.Release|x64.Build.0 = Release|x64
		{0364EC78-4B7C-4C08-9051-840D17333861}.Release|x86.ActiveCfg = Release|Win32
		{0364EC78-4B7C-4C08-9051-840D17333861}.Release|x86.Build.0 = Release|Win32
		{1773719B-274E-44F4-BAF1-85D2E44AA91B}.Debug|x64.ActiveCfg = Debug|x64
		{1773719B-274E-44F4-BAF1-85D2E44AA91B}.Debug|x64.Build.0 = Debug|x64
		{1773719B-274E-44F4-BAF1-85D2E44AA91B}.Debug|x86.ActiveCfg = Debug|Win32
		{1773719B-274E-44F4-BAF1-85D2E44AA91B}.Debug|x86.Build.0 = Debug|Win32
		{1773719B-274E-44F4-BAF1-85D2E44AA91B}.Release|x64.ActiveCfg = Release|x64
		{1773719B-274E-44F4-BAF1-85D2E44AA91B}.Release|x64.Build.0 = Release|x64
		{1773719B-274E-44F4-BAF1-85D2E44AA91B}.Release|x86.ActiveCfg = Release|Win32
		{1773719B-274E-44F4-BAF1-85D2E44AA91B}.Release|x86.Build.0 = Release|Win32
		{D075711E-7FB8-4A21-879B-63C453EEB1A3}.Debug|x64.ActiveCfg = Debug|x64
		{D075711E-7FB8-4A21-879B-63C453EEB1A3}.Debug|x64.Build.0 = Debug|x64
		{D075711E-7FB8-4A21-879B-63C453EEB1A3}.Debug|x86.ActiveCfg = Debug|Win32
		{D075711E-7FB8-4A21-879B-63C453EEB1A3}.Debug|x86.Build.0 = Debug|Win32
		{D075711E-7FB8-4A21-879B-63C453EEB1A3}.Release|x64.ActiveCfg = Release|x64
		{D075711E-7FB8-4A21-879B-63C453EEB1A3}.Release|x64.Build.0 = Release|x64
		{D075711E-7FB8-4A21-879B-63C453EEB1A3}.Release|x86.ActiveCfg = Release|Win32
		{D075711E-7FB8-4A21-879B-63C453EEB1A3}.Release|x86.Build.0 = Release|Win32
		{5A12D01E-74D0-437A-966D-56C4A620D361}.Debug|x64.ActiveCfg = Debug|x64
		{5A12D01E-74D0-437A-966D-56C4A620D361}.Debug|x64.Build.0 = Debug|x64
		{5A12D01E-74D0-437A-966D-56C4A620D361}.Debug|x86.ActiveCfg = Debug|Win32
		{5A12D01E-74D0-437A-966D-56C4A620D361}.Debug|x86.Build.0 = Debug|Win32
		{5A12D01E-74D0-437A-966D-56C4A620D361}.Release|x64.ActiveCfg = Release|x64
		{5A12D01E-74D0-437A-966D-56C4A620D361}.Release|x64.Build.0 = Release|x64
		{5A12D01E-74D0-437A-966D-56C4A620D361}.Release|x86.ActiveCfg = Release|Win32
		{5A12D01E-74D0-437A-966D-56C4A620D361}.Release|x86.Build.0 = Release|Win32
		{2BA7D19B-3257-477C-B286-F26982A1771D}.Debug|x64.ActiveCfg = Debug|x64
		{2BA7D19B-3257-477C-B286-F26982A1771D}.Debug|x64.Build.0 = Debug|x64
		{2BA7D19B-3257-477C-B286-F26982A1771D}.Debug|x86.ActiveCfg = Debug|Win32
		{2BA7D19B-3257-477C-B286-F26982A1771D}.Debug|x86.Build.0 = Debug|Win32
		{2BA7D19B-3257-477C-B286-F26982A1771D}.Release|x64.ActiveCfg = Release|x64
		{2BA7D19B-3257-477C-B286-F26982A1771D}.Release|x64.Build.0 = Release|x64
		{2BA7D19B-3257-477C-B286-F26982A1771D}.Release|x86.ActiveCfg = Release|Win32
		{2BA7D19B-3257-477C-B286-F26982A1771D}.Release|x86.Build.0 = Release|Win32
		{E213827E-5D57-4032-98A8-94C42AE1A4D9}.Debug|x64.ActiveCfg = Debug|x64
		{E213827E-5D57-4032-98A8-94C42AE1A4D9}.Debug|x64.Build.0 = Debug|x64
		{E213827E-5D57-4032-98A8-94C42AE1A4D9}.Debug|x86.ActiveCfg = Debug|Win32
		{E213827E-5D57-4032-98A8-94C42AE1A4D9}.Debug|x86.Build.0 = Debug|Win32
		{E213827E-5D57-4032-98A8-94C42AE1A4D9}.Release|x64.ActiveCfg = Release|x64
		{E213827E-5D57-4032-98A8-94C42AE1A4D9}.Release|x64.Build.0 = Release|x64
		{E213827E-5D57-4032-98A8-94C42AE1A4D9}.Release|x86.ActiveCfg = Release|Win32
		{E213827E-5D57-4032-98A8-94C42AE1A4D9}.Release|x86.Build.0 = Release|Win32
		{71A6A5E0-0C33-4969-8E64-F47E655989DC}.Debug|x64.ActiveCfg = Debug|x64
		{71A6A5E0-0C33-4969-8E64-F47E655989DC}.Debug|x64.Build.0 = Debug|x64
		{71A6A5E0-0C33-4969-8E64-F47E655989DC}.Debug|x86.ActiveCfg = Debug|Win32
		{71A6A5E0-0C33-4969-8E64-F47E655989DC}.Debug|x86.Build.0 = Debug|Win32
		{71A6A5E0-0C33-4969-8E64-F47E655989DC}.Release|x64.ActiveCfg = Release|x64
		{71A6A5E0-0C33-4969-8E64-F47E655989DC}.Release|x64.Build.0 = Release|x64
		{71A6A5E0-0C33-4969-8E64-F47E655989DC}.Release|x86.ActiveCfg = Release|Win32
		{71A6A5E0-0C33-4969-8E64-F47E655989DC}.Release|x86.Build.0 = Release|Win32
		{DC060528-050B-40B0-BDA8-117AA1CC14C0}.Debug|x64.ActiveCfg = Debug|x64
		{DC060528-050B-40B0-BDA8-117AA1CC14C0}.Debug|x64.Build.0 = Debug|x64
		{DC060528-050B-40B0-BDA8-117AA1CC14C0}.Debug|x86.ActiveCfg = Debug|Win32
		{DC060528-050B-40B0-BDA8-117AA1CC14C0}.Debug|x86.Build.0 = Debug|Win32
		{DC060528-050B-40B0-BDA8-117AA1CC14C0}.Release|x64.ActiveCfg = Release|x64
		{DC060528-050B-40B0-BDA8-117AA1CC14C0}.Release|x64.Build.0 = Release|x64
		{DC060528-050B-40B0-BDA8-117AA1CC14C0}.Release|x86.ActiveCfg = Release|Win32
		{DC060528-050B-40B0-BDA8-117AA1CC14C0}.Release|x86.Build.0 = Release|Win32
		{38EDB59D-5B14-447E-BC01-859FBC446789}.Debug|x64.ActiveCfg = Debug|x64
		{38EDB59D-5B14-447E-BC01-859FBC446789}.Debug|x64.Build.0 = Debug|x64
		{38EDB59D-5B14-447E-BC01-859FBC446789}.Debug|x86.ActiveCfg = Debug|Win32
		{38EDB59D-5B14-447E-BC01-859FBC446789}.Debug|x86.Build.0 = Debug|Win32
		{38EDB59D-5B14-447E-BC01-859FBC446789}.Release|x64.ActiveCfg = Release|x64
		{38EDB59D-5B14-447E-BC01-859FBC446789}.Release|x64.Build.0 = Release|x64
		{38EDB59D-5B14-447E-BC01-859FBC446789}.Release|x86.ActiveCfg = Release|Win32
		{38EDB59D-5B14-447E-BC01-859FBC446789}.Release|x86.Build.0 = Release|Win32
		{22632480-8349-4266-8B69-B0F819892428}.Debug|x64.ActiveCfg = Debug|x64
		{22632480-8349-4266-8B69-B0F819892428}.Debug|x64.Build.0 = Debug|x64
		{22632480-8349-4266-8B69-B0F819892428}.Debug|x86.ActiveCfg = Debug|Win32
		{22632480-8349-4266-8B69-B0F819892428}.Debug|x86.Build.0 = Debug|Win32
		{22632480-8349-4266-8B69-B0F819892428}.Release|x64.ActiveCfg = Release|x64
		{22632480-8349-4266-8B69-B0F819892428}.Release|x64.Build.0 = Release|x64
		{22632480-8349-4266-8B69-B0F819892428}.Release|x86.ActiveCfg = Release|Win32
		{22632480-8349-4266-8B69-B0F819892428}.Release|x86.Build.0 = Release|Win32
		{FDB4469E-8B78-49AD-99BF-DB6453FF8324}.Debug|x64.ActiveCfg = Debug|x64
		{FDB4469E-8B78-49AD-99BF-DB6453FF8324}.Debug|x64.Build.0 = Debug|x64
		{FDB4469E-8B78-49AD-99BF-DB6453FF8324}.Debug|x86.ActiveCfg = Debug|Win32
		{FDB4469E-8B78-49AD-99BF-DB6453FF8324}.Debug|x86.Build.0 = Debug|Win32
		{FDB4469E-8B78-49AD-99BF-DB6453FF8324}.Release|x64.ActiveCfg = Release|x64
		{FDB4469E-8B78-49AD-99BF-DB6453FF8324}.Release|x64.Build.0 = Release|x64
		{FDB4469E-8B78-49AD-99BF-DB6453FF8324}.Release|x86.ActiveCfg = Release|Win32
		{FDB4469E-8B78-49AD-99BF-DB6453FF8324}.Release|x86.Build.0 = Release|Win32
		{9E3E2086-D935-4FCE-85CF-C5D85F2674D1}.Debug|x64.ActiveCfg = Debug|x64
		{9E3E2086-D935-4FCE-85CF-C5D85F2674D1}.Debug|x64.Build.0 = Debug|x64
		{9E3E2086-D935-4FCE-85CF-C5D85F2674D1}.Debug|x86.ActiveCfg = Debug|Win32
		{9E3E2086-D935-4FCE-85CF-C5D85F2674D1}.Debug|x86.Build.0 = Debug|Win32
		{9E3E2086-D935-4FCE-85CF-C5D85F2674D1}.Release|x64.ActiveCfg = Release|x64
		{9E3E2086-D935-4FCE-85CF-C5D85F2674D1}.Release|x64.Build.0 = Release|x64
		{9E3E2086-D935-4FCE-85CF-C5D85F2674D1}.Release|x86.ActiveCfg = Release|Win32
		{9E3E2086-D935-4FCE-85CF-C5D85F2674D1}.Release|x86.Build.0 = Release|Win32
		{3CD540AD-9195-422E-957C-0CEA13F01DAF}.Debug|x64.ActiveCfg = Debug|x64
		{3CD540AD-9195-422E-957C-0CEA13F01DAF}.Debug|x64.Build.0 = Debug|x64
		{3CD540AD-9195-422E-957C-0CEA13F01DAF}.Debug|x86.ActiveCfg = Debug|Win32
		{3CD540AD-9195-422E-957C-0CEA13F01DAF}.Debug|x86.Build.0 = Debug|Win32
		{3CD540AD-9195-422E-957C-0CEA13F01DAF}.Release|x64.ActiveCfg = Release|x64
		{3CD540AD-9195-422E-957C-0CEA13F01DAF}.Release|x64.Build.0 = Release|x64
		{3CD540AD-9195-422E-957C-0CEA13F01DAF}.Release|x86.ActiveCfg = Release|Win32
		{3CD540AD-9195-422E-957C-0CEA13F01DAF}.Release|x86.Build.0 = Release|Win32
		{03B72F22-7090-4DAB-8974-F39D3131700D}.Debug|x64.ActiveCfg = Debug|x64
		{03B72F22-7090-4DAB-8974-F39D3131700D}.Debug|x64.Build.0 = Debug|x64
		{03B72F22-7090-4DAB-8974-F39D3131700D}.Debug|x86.ActiveCfg = Debug|Win32
		{03B72F22-7090-4DAB-8974-F39D3131700D}.Debug|x86.Build.0 = Debug|Win32
		{03B72F22-7090-4DAB-8974-F39D3131700D}.Release|x64.ActiveCfg = Release|x64
		{03B72F22-7090-4DAB-8974-F39D3131700D}.Release|x64.Build.0 = Release|x64
		{03B72F22-7090-4DAB-8974-F39D3131700D}.Release|x86.ActiveCfg = Release|Win32
		{03B72F22-7090-4DAB-8974-F39D3131700D}.Release|x86.Build.0 = Release|Win32
	EndGlobalSection
	GlobalSection(SolutionProperties) = preSolution
		HideSolutionNode = FALSE
	EndGlobalSection
	GlobalSection(ExtensibilityGlobals) = postSolution
		SolutionGuid = {E0BAB5B5-3B95-41BF-86A5-190912276E9A}
	EndGlobalSection
EndGlobal
