
Microsoft Visual Studio Solution File, Format Version 12.00
# Visual Studio Version 16
VisualStudioVersion = 16.0.30523.141
MinimumVisualStudioVersion = 10.0.40219.1
Project("{8BC9CEB8-8B4A-11D0-8D11-00A0C91BC942}") = "chapter12_1", "chapter12_1\chapter12_1.vcxproj", "{FF03E35A-4FB0-4F5D-9D2E-84920286CE01}"
EndProject
Project("{8BC9CEB8-8B4A-11D0-8D11-00A0C91BC942}") = "chapter12_2", "chapter11_2\chapter11_2.vcxproj", "{80439309-FEB5-413A-BD19-E2E9548EEAFC}"
EndProject
Project("{8BC9CEB8-8B4A-11D0-8D11-00A0C91BC942}") = "chapter12_3", "chapter12_3\chapter12_3.vcxproj", "{4C2EF617-31A7-4C26-9F2C-56611684309B}"
EndProject
Project("{8BC9CEB8-8B4A-11D0-8D11-00A0C91BC942}") = "chapter12_4", "chapter12_4\chapter12_4.vcxproj", "{A6342144-5AEC-4E90-B075-9E0191BC787D}"
EndProject
Project("{8BC9CEB8-8B4A-11D0-8D11-00A0C91BC942}") = "chapter12_5", "chapter12_5\chapter12_5.vcxproj", "{CC8C6849-A2D7-4C18-A1C8-9E02A22F4FC5}"
EndProject
Project("{8BC9CEB8-8B4A-11D0-8D11-00A0C91BC942}") = "chapter12_6", "chapter12_6\chapter12_6.vcxproj", "{8420507E-B96C-4319-975E-781A0042D820}"
EndProject
Project("{8BC9CEB8-8B4A-11D0-8D11-00A0C91BC942}") = "chapter12_7_0", "chapter12_7\chapter12_7.vcxproj", "{5DEC0A37-0306-4D9C-BBB3-45727CBCA244}"
EndProject
Project("{8BC9CEB8-8B4A-11D0-8D11-00A0C91BC942}") = "chapter12_7_1", "chpater12_7_1\chpater12_7_1.vcxproj", "{9256F3F5-B223-4799-AABC-989C68B5797B}"
EndProject
Project("{8BC9CEB8-8B4A-11D0-8D11-00A0C91BC942}") = "chapter12_8", "chapter12_8\chapter12_8.vcxproj", "{E7B72846-0BBA-41B8-8A4D-37EFC9931128}"
EndProject
Project("{8BC9CEB8-8B4A-11D0-8D11-00A0C91BC942}") = "chapter12_9", "chapter12_9\chapter12_9.vcxproj", "{65E880DD-5285-4F77-AC23-0AE432F7C4E2}"
EndProject
Project("{8BC9CEB8-8B4A-11D0-8D11-00A0C91BC942}") = "chapter12_10", "chapter12_12\chapter12_12.vcxproj", "{956E4D5C-ECBB-4A39-A550-B74ED05C7F3D}"
EndProject
Project("{8BC9CEB8-8B4A-11D0-8D11-00A0C91BC942}") = "chapter12_11", "chapter12_11\chapter12_11.vcxproj", "{BDCF220E-498D-4DA5-85CF-7773279E6B8A}"
EndProject
Global
	GlobalSection(SolutionConfigurationPlatforms) = preSolution
		Debug|x64 = Debug|x64
		Debug|x86 = Debug|x86
		Release|x64 = Release|x64
		Release|x86 = Release|x86
	EndGlobalSection
	GlobalSection(ProjectConfigurationPlatforms) = postSolution
		{FF03E35A-4FB0-4F5D-9D2E-84920286CE01}.Debug|x64.ActiveCfg = Debug|x64
		{FF03E35A-4FB0-4F5D-9D2E-84920286CE01}.Debug|x64.Build.0 = Debug|x64
		{FF03E35A-4FB0-4F5D-9D2E-84920286CE01}.Debug|x86.ActiveCfg = Debug|Win32
		{FF03E35A-4FB0-4F5D-9D2E-84920286CE01}.Debug|x86.Build.0 = Debug|Win32
		{FF03E35A-4FB0-4F5D-9D2E-84920286CE01}.Release|x64.ActiveCfg = Release|x64
		{FF03E35A-4FB0-4F5D-9D2E-84920286CE01}.Release|x64.Build.0 = Release|x64
		{FF03E35A-4FB0-4F5D-9D2E-84920286CE01}.Release|x86.ActiveCfg = Release|Win32
		{FF03E35A-4FB0-4F5D-9D2E-84920286CE01}.Release|x86.Build.0 = Release|Win32
		{80439309-FEB5-413A-BD19-E2E9548EEAFC}.Debug|x64.ActiveCfg = Debug|x64
		{80439309-FEB5-413A-BD19-E2E9548EEAFC}.Debug|x64.Build.0 = Debug|x64
		{80439309-FEB5-413A-BD19-E2E9548EEAFC}.Debug|x86.ActiveCfg = Debug|Win32
		{80439309-FEB5-413A-BD19-E2E9548EEAFC}.Debug|x86.Build.0 = Debug|Win32
		{80439309-FEB5-413A-BD19-E2E9548EEAFC}.Release|x64.ActiveCfg = Release|x64
		{80439309-FEB5-413A-BD19-E2E9548EEAFC}.Release|x64.Build.0 = Release|x64
		{80439309-FEB5-413A-BD19-E2E9548EEAFC}.Release|x86.ActiveCfg = Release|Win32
		{80439309-FEB5-413A-BD19-E2E9548EEAFC}.Release|x86.Build.0 = Release|Win32
		{4C2EF617-31A7-4C26-9F2C-56611684309B}.Debug|x64.ActiveCfg = Debug|x64
		{4C2EF617-31A7-4C26-9F2C-56611684309B}.Debug|x64.Build.0 = Debug|x64
		{4C2EF617-31A7-4C26-9F2C-56611684309B}.Debug|x86.ActiveCfg = Debug|Win32
		{4C2EF617-31A7-4C26-9F2C-56611684309B}.Debug|x86.Build.0 = Debug|Win32
		{4C2EF617-31A7-4C26-9F2C-56611684309B}.Release|x64.ActiveCfg = Release|x64
		{4C2EF617-31A7-4C26-9F2C-56611684309B}.Release|x64.Build.0 = Release|x64
		{4C2EF617-31A7-4C26-9F2C-56611684309B}.Release|x86.ActiveCfg = Release|Win32
		{4C2EF617-31A7-4C26-9F2C-56611684309B}.Release|x86.Build.0 = Release|Win32
		{A6342144-5AEC-4E90-B075-9E0191BC787D}.Debug|x64.ActiveCfg = Debug|x64
		{A6342144-5AEC-4E90-B075-9E0191BC787D}.Debug|x64.Build.0 = Debug|x64
		{A6342144-5AEC-4E90-B075-9E0191BC787D}.Debug|x86.ActiveCfg = Debug|Win32
		{A6342144-5AEC-4E90-B075-9E0191BC787D}.Debug|x86.Build.0 = Debug|Win32
		{A6342144-5AEC-4E90-B075-9E0191BC787D}.Release|x64.ActiveCfg = Release|x64
		{A6342144-5AEC-4E90-B075-9E0191BC787D}.Release|x64.Build.0 = Release|x64
		{A6342144-5AEC-4E90-B075-9E0191BC787D}.Release|x86.ActiveCfg = Release|Win32
		{A6342144-5AEC-4E90-B075-9E0191BC787D}.Release|x86.Build.0 = Release|Win32
		{CC8C6849-A2D7-4C18-A1C8-9E02A22F4FC5}.Debug|x64.ActiveCfg = Debug|x64
		{CC8C6849-A2D7-4C18-A1C8-9E02A22F4FC5}.Debug|x64.Build.0 = Debug|x64
		{CC8C6849-A2D7-4C18-A1C8-9E02A22F4FC5}.Debug|x86.ActiveCfg = Debug|Win32
		{CC8C6849-A2D7-4C18-A1C8-9E02A22F4FC5}.Debug|x86.Build.0 = Debug|Win32
		{CC8C6849-A2D7-4C18-A1C8-9E02A22F4FC5}.Release|x64.ActiveCfg = Release|x64
		{CC8C6849-A2D7-4C18-A1C8-9E02A22F4FC5}.Release|x64.Build.0 = Release|x64
		{CC8C6849-A2D7-4C18-A1C8-9E02A22F4FC5}.Release|x86.ActiveCfg = Release|Win32
		{CC8C6849-A2D7-4C18-A1C8-9E02A22F4FC5}.Release|x86.Build.0 = Release|Win32
		{8420507E-B96C-4319-975E-781A0042D820}.Debug|x64.ActiveCfg = Debug|x64
		{8420507E-B96C-4319-975E-781A0042D820}.Debug|x64.Build.0 = Debug|x64
		{8420507E-B96C-4319-975E-781A0042D820}.Debug|x86.ActiveCfg = Debug|Win32
		{8420507E-B96C-4319-975E-781A0042D820}.Debug|x86.Build.0 = Debug|Win32
		{8420507E-B96C-4319-975E-781A0042D820}.Release|x64.ActiveCfg = Release|x64
		{8420507E-B96C-4319-975E-781A0042D820}.Release|x64.Build.0 = Release|x64
		{8420507E-B96C-4319-975E-781A0042D820}.Release|x86.ActiveCfg = Release|Win32
		{8420507E-B96C-4319-975E-781A0042D820}.Release|x86.Build.0 = Release|Win32
		{5DEC0A37-0306-4D9C-BBB3-45727CBCA244}.Debug|x64.ActiveCfg = Debug|x64
		{5DEC0A37-0306-4D9C-BBB3-45727CBCA244}.Debug|x64.Build.0 = Debug|x64
		{5DEC0A37-0306-4D9C-BBB3-45727CBCA244}.Debug|x86.ActiveCfg = Debug|Win32
		{5DEC0A37-0306-4D9C-BBB3-45727CBCA244}.Debug|x86.Build.0 = Debug|Win32
		{5DEC0A37-0306-4D9C-BBB3-45727CBCA244}.Release|x64.ActiveCfg = Release|x64
		{5DEC0A37-0306-4D9C-BBB3-45727CBCA244}.Release|x64.Build.0 = Release|x64
		{5DEC0A37-0306-4D9C-BBB3-45727CBCA244}.Release|x86.ActiveCfg = Release|Win32
		{5DEC0A37-0306-4D9C-BBB3-45727CBCA244}.Release|x86.Build.0 = Release|Win32
		{9256F3F5-B223-4799-AABC-989C68B5797B}.Debug|x64.ActiveCfg = Debug|x64
		{9256F3F5-B223-4799-AABC-989C68B5797B}.Debug|x64.Build.0 = Debug|x64
		{9256F3F5-B223-4799-AABC-989C68B5797B}.Debug|x86.ActiveCfg = Debug|Win32
		{9256F3F5-B223-4799-AABC-989C68B5797B}.Debug|x86.Build.0 = Debug|Win32
		{9256F3F5-B223-4799-AABC-989C68B5797B}.Release|x64.ActiveCfg = Release|x64
		{9256F3F5-B223-4799-AABC-989C68B5797B}.Release|x64.Build.0 = Release|x64
		{9256F3F5-B223-4799-AABC-989C68B5797B}.Release|x86.ActiveCfg = Release|Win32
		{9256F3F5-B223-4799-AABC-989C68B5797B}.Release|x86.Build.0 = Release|Win32
		{E7B72846-0BBA-41B8-8A4D-37EFC9931128}.Debug|x64.ActiveCfg = Debug|x64
		{E7B72846-0BBA-41B8-8A4D-37EFC9931128}.Debug|x64.Build.0 = Debug|x64
		{E7B72846-0BBA-41B8-8A4D-37EFC9931128}.Debug|x86.ActiveCfg = Debug|Win32
		{E7B72846-0BBA-41B8-8A4D-37EFC9931128}.Debug|x86.Build.0 = Debug|Win32
		{E7B72846-0BBA-41B8-8A4D-37EFC9931128}.Release|x64.ActiveCfg = Release|x64
		{E7B72846-0BBA-41B8-8A4D-37EFC9931128}.Release|x64.Build.0 = Release|x64
		{E7B72846-0BBA-41B8-8A4D-37EFC9931128}.Release|x86.ActiveCfg = Release|Win32
		{E7B72846-0BBA-41B8-8A4D-37EFC9931128}.Release|x86.Build.0 = Release|Win32
		{65E880DD-5285-4F77-AC23-0AE432F7C4E2}.Debug|x64.ActiveCfg = Debug|x64
		{65E880DD-5285-4F77-AC23-0AE432F7C4E2}.Debug|x64.Build.0 = Debug|x64
		{65E880DD-5285-4F77-AC23-0AE432F7C4E2}.Debug|x86.ActiveCfg = Debug|Win32
		{65E880DD-5285-4F77-AC23-0AE432F7C4E2}.Debug|x86.Build.0 = Debug|Win32
		{65E880DD-5285-4F77-AC23-0AE432F7C4E2}.Release|x64.ActiveCfg = Release|x64
		{65E880DD-5285-4F77-AC23-0AE432F7C4E2}.Release|x64.Build.0 = Release|x64
		{65E880DD-5285-4F77-AC23-0AE432F7C4E2}.Release|x86.ActiveCfg = Release|Win32
		{65E880DD-5285-4F77-AC23-0AE432F7C4E2}.Release|x86.Build.0 = Release|Win32
		{956E4D5C-ECBB-4A39-A550-B74ED05C7F3D}.Debug|x64.ActiveCfg = Debug|x64
		{956E4D5C-ECBB-4A39-A550-B74ED05C7F3D}.Debug|x64.Build.0 = Debug|x64
		{956E4D5C-ECBB-4A39-A550-B74ED05C7F3D}.Debug|x86.ActiveCfg = Debug|Win32
		{956E4D5C-ECBB-4A39-A550-B74ED05C7F3D}.Debug|x86.Build.0 = Debug|Win32
		{956E4D5C-ECBB-4A39-A550-B74ED05C7F3D}.Release|x64.ActiveCfg = Release|x64
		{956E4D5C-ECBB-4A39-A550-B74ED05C7F3D}.Release|x64.Build.0 = Release|x64
		{956E4D5C-ECBB-4A39-A550-B74ED05C7F3D}.Release|x86.ActiveCfg = Release|Win32
		{956E4D5C-ECBB-4A39-A550-B74ED05C7F3D}.Release|x86.Build.0 = Release|Win32
		{BDCF220E-498D-4DA5-85CF-7773279E6B8A}.Debug|x64.ActiveCfg = Debug|x64
		{BDCF220E-498D-4DA5-85CF-7773279E6B8A}.Debug|x64.Build.0 = Debug|x64
		{BDCF220E-498D-4DA5-85CF-7773279E6B8A}.Debug|x86.ActiveCfg = Debug|Win32
		{BDCF220E-498D-4DA5-85CF-7773279E6B8A}.Debug|x86.Build.0 = Debug|Win32
		{BDCF220E-498D-4DA5-85CF-7773279E6B8A}.Release|x64.ActiveCfg = Release|x64
		{BDCF220E-498D-4DA5-85CF-7773279E6B8A}.Release|x64.Build.0 = Release|x64
		{BDCF220E-498D-4DA5-85CF-7773279E6B8A}.Release|x86.ActiveCfg = Release|Win32
		{BDCF220E-498D-4DA5-85CF-7773279E6B8A}.Release|x86.Build.0 = Release|Win32
	EndGlobalSection
	GlobalSection(SolutionProperties) = preSolution
		HideSolutionNode = FALSE
	EndGlobalSection
	GlobalSection(ExtensibilityGlobals) = postSolution
		SolutionGuid = {CFABC96A-F50B-4D8E-85F9-BBD1FE036F7E}
	EndGlobalSection
EndGlobal
